{
    "version": 3,
    "terraform_version": "0.11.11",
    "serial": 62,
    "lineage": "1c728607-288d-c603-da06-8ebac64f608c",
    "modules": [
        {
            "path": [
                "root"
            ],
            "outputs": {
                "bastion": {
                    "sensitive": false,
                    "type": "string",
                    "value": "ec2-13-59-199-4.us-east-2.compute.amazonaws.com"
                },
                "openshift master": {
                    "sensitive": false,
                    "type": "string",
                    "value": "master-c7c1437953a7d6a4.elb.us-east-2.amazonaws.com"
                },
                "openshift subdomain": {
                    "sensitive": false,
                    "type": "string",
                    "value": "infra-742704392.us-east-2.elb.amazonaws.com"
                }
            },
            "resources": {
                "aws_ebs_volume.dockervg_infra1": {
                    "type": "aws_ebs_volume",
                    "depends_on": [
                        "data.aws_availability_zones.available"
                    ],
                    "primary": {
                        "id": "vol-0bbd902b8fc4b8ec7",
                        "attributes": {
                            "arn": "arn:aws:ec2:us-east-2:518223947592:volume/vol-0bbd902b8fc4b8ec7",
                            "availability_zone": "us-east-2a",
                            "encrypted": "false",
                            "id": "vol-0bbd902b8fc4b8ec7",
                            "size": "20",
                            "snapshot_id": "",
                            "tags.%": "0",
                            "type": "gp2"
                        },
                        "meta": {},
                        "tainted": false
                    },
                    "deposed": [],
                    "provider": "provider.aws"
                },
                "aws_ebs_volume.dockervg_infra2": {
                    "type": "aws_ebs_volume",
                    "depends_on": [
                        "data.aws_availability_zones.available"
                    ],
                    "primary": {
                        "id": "vol-075bad5b0ae894365",
                        "attributes": {
                            "arn": "arn:aws:ec2:us-east-2:518223947592:volume/vol-075bad5b0ae894365",
                            "availability_zone": "us-east-2b",
                            "encrypted": "false",
                            "id": "vol-075bad5b0ae894365",
                            "size": "20",
                            "snapshot_id": "",
                            "tags.%": "0",
                            "type": "gp2"
                        },
                        "meta": {},
                        "tainted": false
                    },
                    "deposed": [],
                    "provider": "provider.aws"
                },
                "aws_ebs_volume.dockervg_infra3": {
                    "type": "aws_ebs_volume",
                    "depends_on": [
                        "data.aws_availability_zones.available"
                    ],
                    "primary": {
                        "id": "vol-0d8aeb2212e6a78dd",
                        "attributes": {
                            "arn": "arn:aws:ec2:us-east-2:518223947592:volume/vol-0d8aeb2212e6a78dd",
                            "availability_zone": "us-east-2c",
                            "encrypted": "false",
                            "id": "vol-0d8aeb2212e6a78dd",
                            "size": "20",
                            "snapshot_id": "",
                            "tags.%": "0",
                            "type": "gp2"
                        },
                        "meta": {},
                        "tainted": false
                    },
                    "deposed": [],
                    "provider": "provider.aws"
                },
                "aws_ebs_volume.dockervg_master1": {
                    "type": "aws_ebs_volume",
                    "depends_on": [
                        "data.aws_availability_zones.available"
                    ],
                    "primary": {
                        "id": "vol-0cc722a34e8e7a12c",
                        "attributes": {
                            "arn": "arn:aws:ec2:us-east-2:518223947592:volume/vol-0cc722a34e8e7a12c",
                            "availability_zone": "us-east-2a",
                            "encrypted": "false",
                            "id": "vol-0cc722a34e8e7a12c",
                            "size": "20",
                            "snapshot_id": "",
                            "tags.%": "0",
                            "type": "gp2"
                        },
                        "meta": {},
                        "tainted": false
                    },
                    "deposed": [],
                    "provider": "provider.aws"
                },
                "aws_ebs_volume.dockervg_master2": {
                    "type": "aws_ebs_volume",
                    "depends_on": [
                        "data.aws_availability_zones.available"
                    ],
                    "primary": {
                        "id": "vol-02bd1564b6cd7266f",
                        "attributes": {
                            "arn": "arn:aws:ec2:us-east-2:518223947592:volume/vol-02bd1564b6cd7266f",
                            "availability_zone": "us-east-2b",
                            "encrypted": "false",
                            "id": "vol-02bd1564b6cd7266f",
                            "size": "20",
                            "snapshot_id": "",
                            "tags.%": "0",
                            "type": "gp2"
                        },
                        "meta": {},
                        "tainted": false
                    },
                    "deposed": [],
                    "provider": "provider.aws"
                },
                "aws_ebs_volume.dockervg_master3": {
                    "type": "aws_ebs_volume",
                    "depends_on": [
                        "data.aws_availability_zones.available"
                    ],
                    "primary": {
                        "id": "vol-0402084c21ad5d108",
                        "attributes": {
                            "arn": "arn:aws:ec2:us-east-2:518223947592:volume/vol-0402084c21ad5d108",
                            "availability_zone": "us-east-2c",
                            "encrypted": "false",
                            "id": "vol-0402084c21ad5d108",
                            "size": "20",
                            "snapshot_id": "",
                            "tags.%": "0",
                            "type": "gp2"
                        },
                        "meta": {},
                        "tainted": false
                    },
                    "deposed": [],
                    "provider": "provider.aws"
                },
                "aws_ebs_volume.dockervg_worker1": {
                    "type": "aws_ebs_volume",
                    "depends_on": [
                        "data.aws_availability_zones.available"
                    ],
                    "primary": {
                        "id": "vol-09acf3cd678bc84a8",
                        "attributes": {
                            "arn": "arn:aws:ec2:us-east-2:518223947592:volume/vol-09acf3cd678bc84a8",
                            "availability_zone": "us-east-2a",
                            "encrypted": "false",
                            "id": "vol-09acf3cd678bc84a8",
                            "size": "20",
                            "snapshot_id": "",
                            "tags.%": "0",
                            "type": "gp2"
                        },
                        "meta": {},
                        "tainted": false
                    },
                    "deposed": [],
                    "provider": "provider.aws"
                },
                "aws_ebs_volume.dockervg_worker2": {
                    "type": "aws_ebs_volume",
                    "depends_on": [
                        "data.aws_availability_zones.available"
                    ],
                    "primary": {
                        "id": "vol-04b4cf02669774505",
                        "attributes": {
                            "arn": "arn:aws:ec2:us-east-2:518223947592:volume/vol-04b4cf02669774505",
                            "availability_zone": "us-east-2b",
                            "encrypted": "false",
                            "id": "vol-04b4cf02669774505",
                            "size": "20",
                            "snapshot_id": "",
                            "tags.%": "0",
                            "type": "gp2"
                        },
                        "meta": {},
                        "tainted": false
                    },
                    "deposed": [],
                    "provider": "provider.aws"
                },
                "aws_ebs_volume.dockervg_worker3": {
                    "type": "aws_ebs_volume",
                    "depends_on": [
                        "data.aws_availability_zones.available"
                    ],
                    "primary": {
                        "id": "vol-0b27cf2916218d4ac",
                        "attributes": {
                            "arn": "arn:aws:ec2:us-east-2:518223947592:volume/vol-0b27cf2916218d4ac",
                            "availability_zone": "us-east-2c",
                            "encrypted": "false",
                            "id": "vol-0b27cf2916218d4ac",
                            "size": "20",
                            "snapshot_id": "",
                            "tags.%": "0",
                            "type": "gp2"
                        },
                        "meta": {},
                        "tainted": false
                    },
                    "deposed": [],
                    "provider": "provider.aws"
                },
                "aws_ebs_volume.glstr_registry_block_infra1": {
                    "type": "aws_ebs_volume",
                    "depends_on": [
                        "data.aws_availability_zones.available"
                    ],
                    "primary": {
                        "id": "vol-015a2434dbbe4cb2a",
                        "attributes": {
                            "arn": "arn:aws:ec2:us-east-2:518223947592:volume/vol-015a2434dbbe4cb2a",
                            "availability_zone": "us-east-2a",
                            "encrypted": "false",
                            "id": "vol-015a2434dbbe4cb2a",
                            "size": "40",
                            "snapshot_id": "",
                            "tags.%": "0",
                            "type": "gp2"
                        },
                        "meta": {},
                        "tainted": false
                    },
                    "deposed": [],
                    "provider": "provider.aws"
                },
                "aws_ebs_volume.glstr_registry_block_infra2": {
                    "type": "aws_ebs_volume",
                    "depends_on": [
                        "data.aws_availability_zones.available"
                    ],
                    "primary": {
                        "id": "vol-0906e5713d9201619",
                        "attributes": {
                            "arn": "arn:aws:ec2:us-east-2:518223947592:volume/vol-0906e5713d9201619",
                            "availability_zone": "us-east-2b",
                            "encrypted": "false",
                            "id": "vol-0906e5713d9201619",
                            "size": "40",
                            "snapshot_id": "",
                            "tags.%": "0",
                            "type": "gp2"
                        },
                        "meta": {},
                        "tainted": false
                    },
                    "deposed": [],
                    "provider": "provider.aws"
                },
                "aws_ebs_volume.glstr_registry_block_infra3": {
                    "type": "aws_ebs_volume",
                    "depends_on": [
                        "data.aws_availability_zones.available"
                    ],
                    "primary": {
                        "id": "vol-01aabc29f6d02c94e",
                        "attributes": {
                            "arn": "arn:aws:ec2:us-east-2:518223947592:volume/vol-01aabc29f6d02c94e",
                            "availability_zone": "us-east-2c",
                            "encrypted": "false",
                            "id": "vol-01aabc29f6d02c94e",
                            "size": "40",
                            "snapshot_id": "",
                            "tags.%": "0",
                            "type": "gp2"
                        },
                        "meta": {},
                        "tainted": false
                    },
                    "deposed": [],
                    "provider": "provider.aws"
                },
                "aws_ebs_volume.glstr_worker1": {
                    "type": "aws_ebs_volume",
                    "depends_on": [
                        "data.aws_availability_zones.available"
                    ],
                    "primary": {
                        "id": "vol-09dd247b945ab8ace",
                        "attributes": {
                            "arn": "arn:aws:ec2:us-east-2:518223947592:volume/vol-09dd247b945ab8ace",
                            "availability_zone": "us-east-2a",
                            "encrypted": "false",
                            "id": "vol-09dd247b945ab8ace",
                            "size": "40",
                            "snapshot_id": "",
                            "tags.%": "0",
                            "type": "gp2"
                        },
                        "meta": {},
                        "tainted": false
                    },
                    "deposed": [],
                    "provider": "provider.aws"
                },
                "aws_ebs_volume.glstr_worker2": {
                    "type": "aws_ebs_volume",
                    "depends_on": [
                        "data.aws_availability_zones.available"
                    ],
                    "primary": {
                        "id": "vol-0cfc1391dcd2a6510",
                        "attributes": {
                            "arn": "arn:aws:ec2:us-east-2:518223947592:volume/vol-0cfc1391dcd2a6510",
                            "availability_zone": "us-east-2b",
                            "encrypted": "false",
                            "id": "vol-0cfc1391dcd2a6510",
                            "size": "40",
                            "snapshot_id": "",
                            "tags.%": "0",
                            "type": "gp2"
                        },
                        "meta": {},
                        "tainted": false
                    },
                    "deposed": [],
                    "provider": "provider.aws"
                },
                "aws_ebs_volume.glstr_worker3": {
                    "type": "aws_ebs_volume",
                    "depends_on": [
                        "data.aws_availability_zones.available"
                    ],
                    "primary": {
                        "id": "vol-09c8e0e8d0cb13f03",
                        "attributes": {
                            "arn": "arn:aws:ec2:us-east-2:518223947592:volume/vol-09c8e0e8d0cb13f03",
                            "availability_zone": "us-east-2c",
                            "encrypted": "false",
                            "id": "vol-09c8e0e8d0cb13f03",
                            "size": "40",
                            "snapshot_id": "",
                            "tags.%": "0",
                            "type": "gp2"
                        },
                        "meta": {},
                        "tainted": false
                    },
                    "deposed": [],
                    "provider": "provider.aws"
                },
                "aws_eip.natgw_a": {
                    "type": "aws_eip",
                    "depends_on": [],
                    "primary": {
                        "id": "eipalloc-0598837f73499a1ce",
                        "attributes": {
                            "association_id": "",
                            "domain": "vpc",
                            "id": "eipalloc-0598837f73499a1ce",
                            "instance": "",
                            "network_interface": "",
                            "private_ip": "",
                            "public_ip": "18.218.222.55",
                            "public_ipv4_pool": "amazon",
                            "tags.%": "0",
                            "vpc": "true"
                        },
                        "meta": {
                            "e2bfb730-ecaa-11e6-8f88-34363bc7c4c0": {
                                "delete": 180000000000,
                                "read": 900000000000,
                                "update": 300000000000
                            }
                        },
                        "tainted": false
                    },
                    "deposed": [],
                    "provider": "provider.aws"
                },
                "aws_eip.natgw_b": {
                    "type": "aws_eip",
                    "depends_on": [],
                    "primary": {
                        "id": "eipalloc-0cf1c71f650d54f3c",
                        "attributes": {
                            "association_id": "",
                            "domain": "vpc",
                            "id": "eipalloc-0cf1c71f650d54f3c",
                            "instance": "",
                            "network_interface": "",
                            "private_ip": "",
                            "public_ip": "18.220.224.146",
                            "public_ipv4_pool": "amazon",
                            "tags.%": "0",
                            "vpc": "true"
                        },
                        "meta": {
                            "e2bfb730-ecaa-11e6-8f88-34363bc7c4c0": {
                                "delete": 180000000000,
                                "read": 900000000000,
                                "update": 300000000000
                            }
                        },
                        "tainted": false
                    },
                    "deposed": [],
                    "provider": "provider.aws"
                },
                "aws_eip.natgw_c": {
                    "type": "aws_eip",
                    "depends_on": [],
                    "primary": {
                        "id": "eipalloc-0a07d582b1f5a1e23",
                        "attributes": {
                            "association_id": "",
                            "domain": "vpc",
                            "id": "eipalloc-0a07d582b1f5a1e23",
                            "instance": "",
                            "network_interface": "",
                            "private_ip": "",
                            "public_ip": "18.220.237.177",
                            "public_ipv4_pool": "amazon",
                            "tags.%": "0",
                            "vpc": "true"
                        },
                        "meta": {
                            "e2bfb730-ecaa-11e6-8f88-34363bc7c4c0": {
                                "delete": 180000000000,
                                "read": 900000000000,
                                "update": 300000000000
                            }
                        },
                        "tainted": false
                    },
                    "deposed": [],
                    "provider": "provider.aws"
                },
                "aws_instance.bastion": {
                    "type": "aws_instance",
                    "depends_on": [
                        "aws_key_pair.bastion",
                        "aws_security_group.sec_bastion",
                        "aws_subnet.PublicSubnetA",
                        "data.template_file.sysprep-bastion"
                    ],
                    "primary": {
                        "id": "i-081b63643d69abff0",
                        "attributes": {
                            "ami": "ami-0b500ef59d8335eee",
                            "arn": "arn:aws:ec2:us-east-2:518223947592:instance/i-081b63643d69abff0",
                            "associate_public_ip_address": "true",
                            "availability_zone": "us-east-2a",
                            "cpu_core_count": "4",
                            "cpu_threads_per_core": "1",
                            "credit_specification.#": "1",
                            "credit_specification.0.cpu_credits": "standard",
                            "disable_api_termination": "false",
                            "ebs_block_device.#": "0",
                            "ebs_optimized": "false",
                            "ephemeral_block_device.#": "0",
                            "get_password_data": "false",
                            "iam_instance_profile": "",
                            "id": "i-081b63643d69abff0",
                            "instance_state": "running",
                            "instance_type": "t2.xlarge",
                            "ipv6_addresses.#": "0",
                            "key_name": "bastion",
                            "monitoring": "false",
                            "network_interface.#": "0",
                            "network_interface_id": "eni-0be43f9b17b4f2077",
                            "password_data": "",
                            "placement_group": "",
                            "primary_network_interface_id": "eni-0be43f9b17b4f2077",
                            "private_dns": "ip-10-0-0-141.us-east-2.compute.internal",
                            "private_ip": "10.0.0.141",
                            "public_dns": "ec2-13-59-199-4.us-east-2.compute.amazonaws.com",
                            "public_ip": "13.59.199.4",
                            "root_block_device.#": "1",
                            "root_block_device.0.delete_on_termination": "true",
                            "root_block_device.0.iops": "100",
                            "root_block_device.0.volume_id": "vol-0738b98288d0b4b25",
                            "root_block_device.0.volume_size": "10",
                            "root_block_device.0.volume_type": "gp2",
                            "security_groups.#": "0",
                            "source_dest_check": "true",
                            "subnet_id": "subnet-0e080cd15f19eead6",
                            "tags.%": "1",
                            "tags.Name": "Bastion",
                            "tenancy": "default",
                            "user_data": "8d188cba45e3ab44cd2e4b7c51e13d68e7ea894d",
                            "volume_tags.%": "0",
                            "vpc_security_group_ids.#": "1",
                            "vpc_security_group_ids.952722584": "sg-077343bfb1eda2e38"
                        },
                        "meta": {
                            "e2bfb730-ecaa-11e6-8f88-34363bc7c4c0": {
                                "create": 600000000000,
                                "delete": 1200000000000,
                                "update": 600000000000
                            },
                            "schema_version": "1"
                        },
                        "tainted": false
                    },
                    "deposed": [],
                    "provider": "provider.aws"
                },
                "aws_instance.infra1": {
                    "type": "aws_instance",
                    "depends_on": [
                        "aws_key_pair.openshift",
                        "aws_security_group.sec_openshift",
                        "aws_subnet.PrivateSubnetA",
                        "data.aws_availability_zones.available",
                        "data.template_file.sysprep-openshift"
                    ],
                    "primary": {
                        "id": "i-0c90ce373f1615d60",
                        "attributes": {
                            "ami": "ami-0b500ef59d8335eee",
                            "arn": "arn:aws:ec2:us-east-2:518223947592:instance/i-0c90ce373f1615d60",
                            "associate_public_ip_address": "false",
                            "availability_zone": "us-east-2a",
                            "cpu_core_count": "2",
                            "cpu_threads_per_core": "1",
                            "credit_specification.#": "1",
                            "credit_specification.0.cpu_credits": "standard",
                            "disable_api_termination": "false",
                            "ebs_block_device.#": "0",
                            "ebs_optimized": "false",
                            "ephemeral_block_device.#": "0",
                            "get_password_data": "false",
                            "iam_instance_profile": "",
                            "id": "i-0c90ce373f1615d60",
                            "instance_state": "running",
                            "instance_type": "t2.large",
                            "ipv6_addresses.#": "0",
                            "key_name": "openshift",
                            "monitoring": "false",
                            "network_interface.#": "0",
                            "network_interface_id": "eni-0d7fbd37c94329ab4",
                            "password_data": "",
                            "placement_group": "",
                            "primary_network_interface_id": "eni-0d7fbd37c94329ab4",
                            "private_dns": "ip-10-0-1-187.us-east-2.compute.internal",
                            "private_ip": "10.0.1.187",
                            "public_dns": "",
                            "public_ip": "",
                            "root_block_device.#": "1",
                            "root_block_device.0.delete_on_termination": "true",
                            "root_block_device.0.iops": "100",
                            "root_block_device.0.volume_id": "vol-023cdbf6bcb4b80aa",
                            "root_block_device.0.volume_size": "10",
                            "root_block_device.0.volume_type": "gp2",
                            "security_groups.#": "0",
                            "source_dest_check": "true",
                            "subnet_id": "subnet-0f647285f6c32b424",
                            "tags.%": "1",
                            "tags.Name": "Infra-1",
                            "tenancy": "default",
                            "user_data": "054f262ddbaef4e81809883d4736770ef8a539a4",
                            "volume_tags.%": "0",
                            "vpc_security_group_ids.#": "1",
                            "vpc_security_group_ids.1678325498": "sg-08247c02fe2b5b5b2"
                        },
                        "meta": {
                            "e2bfb730-ecaa-11e6-8f88-34363bc7c4c0": {
                                "create": 600000000000,
                                "delete": 1200000000000,
                                "update": 600000000000
                            },
                            "schema_version": "1"
                        },
                        "tainted": false
                    },
                    "deposed": [],
                    "provider": "provider.aws"
                },
                "aws_instance.infra2": {
                    "type": "aws_instance",
                    "depends_on": [
                        "aws_key_pair.openshift",
                        "aws_security_group.sec_openshift",
                        "aws_subnet.PrivateSubnetB",
                        "data.aws_availability_zones.available",
                        "data.template_file.sysprep-openshift"
                    ],
                    "primary": {
                        "id": "i-009b26f8827037c38",
                        "attributes": {
                            "ami": "ami-0b500ef59d8335eee",
                            "arn": "arn:aws:ec2:us-east-2:518223947592:instance/i-009b26f8827037c38",
                            "associate_public_ip_address": "false",
                            "availability_zone": "us-east-2b",
                            "cpu_core_count": "2",
                            "cpu_threads_per_core": "1",
                            "credit_specification.#": "1",
                            "credit_specification.0.cpu_credits": "standard",
                            "disable_api_termination": "false",
                            "ebs_block_device.#": "0",
                            "ebs_optimized": "false",
                            "ephemeral_block_device.#": "0",
                            "get_password_data": "false",
                            "iam_instance_profile": "",
                            "id": "i-009b26f8827037c38",
                            "instance_state": "running",
                            "instance_type": "t2.large",
                            "ipv6_addresses.#": "0",
                            "key_name": "openshift",
                            "monitoring": "false",
                            "network_interface.#": "0",
                            "network_interface_id": "eni-098f261af57c70604",
                            "password_data": "",
                            "placement_group": "",
                            "primary_network_interface_id": "eni-098f261af57c70604",
                            "private_dns": "ip-10-0-5-47.us-east-2.compute.internal",
                            "private_ip": "10.0.5.47",
                            "public_dns": "",
                            "public_ip": "",
                            "root_block_device.#": "1",
                            "root_block_device.0.delete_on_termination": "true",
                            "root_block_device.0.iops": "100",
                            "root_block_device.0.volume_id": "vol-0d8f06f5dae372d67",
                            "root_block_device.0.volume_size": "10",
                            "root_block_device.0.volume_type": "gp2",
                            "security_groups.#": "0",
                            "source_dest_check": "true",
                            "subnet_id": "subnet-067278535d0b19467",
                            "tags.%": "1",
                            "tags.Name": "Infra-2",
                            "tenancy": "default",
                            "user_data": "054f262ddbaef4e81809883d4736770ef8a539a4",
                            "volume_tags.%": "0",
                            "vpc_security_group_ids.#": "1",
                            "vpc_security_group_ids.1678325498": "sg-08247c02fe2b5b5b2"
                        },
                        "meta": {
                            "e2bfb730-ecaa-11e6-8f88-34363bc7c4c0": {
                                "create": 600000000000,
                                "delete": 1200000000000,
                                "update": 600000000000
                            },
                            "schema_version": "1"
                        },
                        "tainted": false
                    },
                    "deposed": [],
                    "provider": "provider.aws"
                },
                "aws_instance.infra3": {
                    "type": "aws_instance",
                    "depends_on": [
                        "aws_key_pair.openshift",
                        "aws_security_group.sec_openshift",
                        "aws_subnet.PrivateSubnetC",
                        "data.aws_availability_zones.available",
                        "data.template_file.sysprep-openshift"
                    ],
                    "primary": {
                        "id": "i-0b1a2dae7db36abd1",
                        "attributes": {
                            "ami": "ami-0b500ef59d8335eee",
                            "arn": "arn:aws:ec2:us-east-2:518223947592:instance/i-0b1a2dae7db36abd1",
                            "associate_public_ip_address": "false",
                            "availability_zone": "us-east-2c",
                            "cpu_core_count": "2",
                            "cpu_threads_per_core": "1",
                            "credit_specification.#": "1",
                            "credit_specification.0.cpu_credits": "standard",
                            "disable_api_termination": "false",
                            "ebs_block_device.#": "0",
                            "ebs_optimized": "false",
                            "ephemeral_block_device.#": "0",
                            "get_password_data": "false",
                            "iam_instance_profile": "",
                            "id": "i-0b1a2dae7db36abd1",
                            "instance_state": "running",
                            "instance_type": "t2.large",
                            "ipv6_addresses.#": "0",
                            "key_name": "openshift",
                            "monitoring": "false",
                            "network_interface.#": "0",
                            "network_interface_id": "eni-05364996a694123f2",
                            "password_data": "",
                            "placement_group": "",
                            "primary_network_interface_id": "eni-05364996a694123f2",
                            "private_dns": "ip-10-0-9-115.us-east-2.compute.internal",
                            "private_ip": "10.0.9.115",
                            "public_dns": "",
                            "public_ip": "",
                            "root_block_device.#": "1",
                            "root_block_device.0.delete_on_termination": "true",
                            "root_block_device.0.iops": "100",
                            "root_block_device.0.volume_id": "vol-0701f6213316b09a8",
                            "root_block_device.0.volume_size": "10",
                            "root_block_device.0.volume_type": "gp2",
                            "security_groups.#": "0",
                            "source_dest_check": "true",
                            "subnet_id": "subnet-046822ad677f343f5",
                            "tags.%": "1",
                            "tags.Name": "Infra-3",
                            "tenancy": "default",
                            "user_data": "054f262ddbaef4e81809883d4736770ef8a539a4",
                            "volume_tags.%": "0",
                            "vpc_security_group_ids.#": "1",
                            "vpc_security_group_ids.1678325498": "sg-08247c02fe2b5b5b2"
                        },
                        "meta": {
                            "e2bfb730-ecaa-11e6-8f88-34363bc7c4c0": {
                                "create": 600000000000,
                                "delete": 1200000000000,
                                "update": 600000000000
                            },
                            "schema_version": "1"
                        },
                        "tainted": false
                    },
                    "deposed": [],
                    "provider": "provider.aws"
                },
                "aws_instance.master1": {
                    "type": "aws_instance",
                    "depends_on": [
                        "aws_key_pair.openshift",
                        "aws_security_group.sec_openshift",
                        "aws_subnet.PrivateSubnetA",
                        "data.aws_availability_zones.available",
                        "data.template_file.sysprep-openshift"
                    ],
                    "primary": {
                        "id": "i-0e8afe8ad0eb74210",
                        "attributes": {
                            "ami": "ami-0b500ef59d8335eee",
                            "arn": "arn:aws:ec2:us-east-2:518223947592:instance/i-0e8afe8ad0eb74210",
                            "associate_public_ip_address": "false",
                            "availability_zone": "us-east-2a",
                            "cpu_core_count": "2",
                            "cpu_threads_per_core": "1",
                            "credit_specification.#": "1",
                            "credit_specification.0.cpu_credits": "standard",
                            "disable_api_termination": "false",
                            "ebs_block_device.#": "0",
                            "ebs_optimized": "false",
                            "ephemeral_block_device.#": "0",
                            "get_password_data": "false",
                            "iam_instance_profile": "",
                            "id": "i-0e8afe8ad0eb74210",
                            "instance_state": "running",
                            "instance_type": "t2.large",
                            "ipv6_addresses.#": "0",
                            "key_name": "openshift",
                            "monitoring": "false",
                            "network_interface.#": "0",
                            "network_interface_id": "eni-0565c0ff85770da06",
                            "password_data": "",
                            "placement_group": "",
                            "primary_network_interface_id": "eni-0565c0ff85770da06",
                            "private_dns": "ip-10-0-1-73.us-east-2.compute.internal",
                            "private_ip": "10.0.1.73",
                            "public_dns": "",
                            "public_ip": "",
                            "root_block_device.#": "1",
                            "root_block_device.0.delete_on_termination": "true",
                            "root_block_device.0.iops": "100",
                            "root_block_device.0.volume_id": "vol-032018a9c256682e7",
                            "root_block_device.0.volume_size": "10",
                            "root_block_device.0.volume_type": "gp2",
                            "security_groups.#": "0",
                            "source_dest_check": "true",
                            "subnet_id": "subnet-0f647285f6c32b424",
                            "tags.%": "1",
                            "tags.Name": "Master-1",
                            "tenancy": "default",
                            "user_data": "054f262ddbaef4e81809883d4736770ef8a539a4",
                            "volume_tags.%": "0",
                            "vpc_security_group_ids.#": "1",
                            "vpc_security_group_ids.1678325498": "sg-08247c02fe2b5b5b2"
                        },
                        "meta": {
                            "e2bfb730-ecaa-11e6-8f88-34363bc7c4c0": {
                                "create": 600000000000,
                                "delete": 1200000000000,
                                "update": 600000000000
                            },
                            "schema_version": "1"
                        },
                        "tainted": false
                    },
                    "deposed": [],
                    "provider": "provider.aws"
                },
                "aws_instance.master2": {
                    "type": "aws_instance",
                    "depends_on": [
                        "aws_key_pair.openshift",
                        "aws_security_group.sec_openshift",
                        "aws_subnet.PrivateSubnetB",
                        "data.aws_availability_zones.available",
                        "data.template_file.sysprep-openshift"
                    ],
                    "primary": {
                        "id": "i-0a1d74eeb20a979af",
                        "attributes": {
                            "ami": "ami-0b500ef59d8335eee",
                            "arn": "arn:aws:ec2:us-east-2:518223947592:instance/i-0a1d74eeb20a979af",
                            "associate_public_ip_address": "false",
                            "availability_zone": "us-east-2b",
                            "cpu_core_count": "2",
                            "cpu_threads_per_core": "1",
                            "credit_specification.#": "1",
                            "credit_specification.0.cpu_credits": "standard",
                            "disable_api_termination": "false",
                            "ebs_block_device.#": "0",
                            "ebs_optimized": "false",
                            "ephemeral_block_device.#": "0",
                            "get_password_data": "false",
                            "iam_instance_profile": "",
                            "id": "i-0a1d74eeb20a979af",
                            "instance_state": "running",
                            "instance_type": "t2.large",
                            "ipv6_addresses.#": "0",
                            "key_name": "openshift",
                            "monitoring": "false",
                            "network_interface.#": "0",
                            "network_interface_id": "eni-08d9c2b7e0c868693",
                            "password_data": "",
                            "placement_group": "",
                            "primary_network_interface_id": "eni-08d9c2b7e0c868693",
                            "private_dns": "ip-10-0-5-244.us-east-2.compute.internal",
                            "private_ip": "10.0.5.244",
                            "public_dns": "",
                            "public_ip": "",
                            "root_block_device.#": "1",
                            "root_block_device.0.delete_on_termination": "true",
                            "root_block_device.0.iops": "100",
                            "root_block_device.0.volume_id": "vol-0b5bbe7c373e3439b",
                            "root_block_device.0.volume_size": "10",
                            "root_block_device.0.volume_type": "gp2",
                            "security_groups.#": "0",
                            "source_dest_check": "true",
                            "subnet_id": "subnet-067278535d0b19467",
                            "tags.%": "1",
                            "tags.Name": "Master-2",
                            "tenancy": "default",
                            "user_data": "054f262ddbaef4e81809883d4736770ef8a539a4",
                            "volume_tags.%": "0",
                            "vpc_security_group_ids.#": "1",
                            "vpc_security_group_ids.1678325498": "sg-08247c02fe2b5b5b2"
                        },
                        "meta": {
                            "e2bfb730-ecaa-11e6-8f88-34363bc7c4c0": {
                                "create": 600000000000,
                                "delete": 1200000000000,
                                "update": 600000000000
                            },
                            "schema_version": "1"
                        },
                        "tainted": false
                    },
                    "deposed": [],
                    "provider": "provider.aws"
                },
                "aws_instance.master3": {
                    "type": "aws_instance",
                    "depends_on": [
                        "aws_key_pair.openshift",
                        "aws_security_group.sec_openshift",
                        "aws_subnet.PrivateSubnetC",
                        "data.aws_availability_zones.available",
                        "data.template_file.sysprep-openshift"
                    ],
                    "primary": {
                        "id": "i-07c4720886ffb1b2a",
                        "attributes": {
                            "ami": "ami-0b500ef59d8335eee",
                            "arn": "arn:aws:ec2:us-east-2:518223947592:instance/i-07c4720886ffb1b2a",
                            "associate_public_ip_address": "false",
                            "availability_zone": "us-east-2c",
                            "cpu_core_count": "2",
                            "cpu_threads_per_core": "1",
                            "credit_specification.#": "1",
                            "credit_specification.0.cpu_credits": "standard",
                            "disable_api_termination": "false",
                            "ebs_block_device.#": "0",
                            "ebs_optimized": "false",
                            "ephemeral_block_device.#": "0",
                            "get_password_data": "false",
                            "iam_instance_profile": "",
                            "id": "i-07c4720886ffb1b2a",
                            "instance_state": "running",
                            "instance_type": "t2.large",
                            "ipv6_addresses.#": "0",
                            "key_name": "openshift",
                            "monitoring": "false",
                            "network_interface.#": "0",
                            "network_interface_id": "eni-0236a8ed68b3966d0",
                            "password_data": "",
                            "placement_group": "",
                            "primary_network_interface_id": "eni-0236a8ed68b3966d0",
                            "private_dns": "ip-10-0-9-253.us-east-2.compute.internal",
                            "private_ip": "10.0.9.253",
                            "public_dns": "",
                            "public_ip": "",
                            "root_block_device.#": "1",
                            "root_block_device.0.delete_on_termination": "true",
                            "root_block_device.0.iops": "100",
                            "root_block_device.0.volume_id": "vol-09ded25cafb62c0f7",
                            "root_block_device.0.volume_size": "10",
                            "root_block_device.0.volume_type": "gp2",
                            "security_groups.#": "0",
                            "source_dest_check": "true",
                            "subnet_id": "subnet-046822ad677f343f5",
                            "tags.%": "1",
                            "tags.Name": "Master-3",
                            "tenancy": "default",
                            "user_data": "054f262ddbaef4e81809883d4736770ef8a539a4",
                            "volume_tags.%": "0",
                            "vpc_security_group_ids.#": "1",
                            "vpc_security_group_ids.1678325498": "sg-08247c02fe2b5b5b2"
                        },
                        "meta": {
                            "e2bfb730-ecaa-11e6-8f88-34363bc7c4c0": {
                                "create": 600000000000,
                                "delete": 1200000000000,
                                "update": 600000000000
                            },
                            "schema_version": "1"
                        },
                        "tainted": false
                    },
                    "deposed": [],
                    "provider": "provider.aws"
                },
                "aws_instance.worker1": {
                    "type": "aws_instance",
                    "depends_on": [
                        "aws_key_pair.openshift",
                        "aws_security_group.sec_openshift",
                        "aws_subnet.PrivateSubnetA",
                        "data.aws_availability_zones.available",
                        "data.template_file.sysprep-openshift"
                    ],
                    "primary": {
                        "id": "i-0e4826dc67d09d8e3",
                        "attributes": {
                            "ami": "ami-0b500ef59d8335eee",
                            "arn": "arn:aws:ec2:us-east-2:518223947592:instance/i-0e4826dc67d09d8e3",
                            "associate_public_ip_address": "false",
                            "availability_zone": "us-east-2a",
                            "cpu_core_count": "2",
                            "cpu_threads_per_core": "1",
                            "credit_specification.#": "1",
                            "credit_specification.0.cpu_credits": "standard",
                            "disable_api_termination": "false",
                            "ebs_block_device.#": "0",
                            "ebs_optimized": "false",
                            "ephemeral_block_device.#": "0",
                            "get_password_data": "false",
                            "iam_instance_profile": "",
                            "id": "i-0e4826dc67d09d8e3",
                            "instance_state": "running",
                            "instance_type": "t2.large",
                            "ipv6_addresses.#": "0",
                            "key_name": "openshift",
                            "monitoring": "false",
                            "network_interface.#": "0",
                            "network_interface_id": "eni-0e1a414b6de8b7fe8",
                            "password_data": "",
                            "placement_group": "",
                            "primary_network_interface_id": "eni-0e1a414b6de8b7fe8",
                            "private_dns": "ip-10-0-1-252.us-east-2.compute.internal",
                            "private_ip": "10.0.1.252",
                            "public_dns": "",
                            "public_ip": "",
                            "root_block_device.#": "1",
                            "root_block_device.0.delete_on_termination": "true",
                            "root_block_device.0.iops": "100",
                            "root_block_device.0.volume_id": "vol-02fcae55efc1f2162",
                            "root_block_device.0.volume_size": "10",
                            "root_block_device.0.volume_type": "gp2",
                            "security_groups.#": "0",
                            "source_dest_check": "true",
                            "subnet_id": "subnet-0f647285f6c32b424",
                            "tags.%": "1",
                            "tags.Name": "Worker-1",
                            "tenancy": "default",
                            "user_data": "054f262ddbaef4e81809883d4736770ef8a539a4",
                            "volume_tags.%": "0",
                            "vpc_security_group_ids.#": "1",
                            "vpc_security_group_ids.1678325498": "sg-08247c02fe2b5b5b2"
                        },
                        "meta": {
                            "e2bfb730-ecaa-11e6-8f88-34363bc7c4c0": {
                                "create": 600000000000,
                                "delete": 1200000000000,
                                "update": 600000000000
                            },
                            "schema_version": "1"
                        },
                        "tainted": false
                    },
                    "deposed": [],
                    "provider": "provider.aws"
                },
                "aws_instance.worker2": {
                    "type": "aws_instance",
                    "depends_on": [
                        "aws_key_pair.openshift",
                        "aws_security_group.sec_openshift",
                        "aws_subnet.PrivateSubnetB",
                        "data.aws_availability_zones.available",
                        "data.template_file.sysprep-openshift"
                    ],
                    "primary": {
                        "id": "i-0cb22d61f05c35b40",
                        "attributes": {
                            "ami": "ami-0b500ef59d8335eee",
                            "arn": "arn:aws:ec2:us-east-2:518223947592:instance/i-0cb22d61f05c35b40",
                            "associate_public_ip_address": "false",
                            "availability_zone": "us-east-2b",
                            "cpu_core_count": "2",
                            "cpu_threads_per_core": "1",
                            "credit_specification.#": "1",
                            "credit_specification.0.cpu_credits": "standard",
                            "disable_api_termination": "false",
                            "ebs_block_device.#": "0",
                            "ebs_optimized": "false",
                            "ephemeral_block_device.#": "0",
                            "get_password_data": "false",
                            "iam_instance_profile": "",
                            "id": "i-0cb22d61f05c35b40",
                            "instance_state": "running",
                            "instance_type": "t2.large",
                            "ipv6_addresses.#": "0",
                            "key_name": "openshift",
                            "monitoring": "false",
                            "network_interface.#": "0",
                            "network_interface_id": "eni-056fb643527970c1c",
                            "password_data": "",
                            "placement_group": "",
                            "primary_network_interface_id": "eni-056fb643527970c1c",
                            "private_dns": "ip-10-0-5-31.us-east-2.compute.internal",
                            "private_ip": "10.0.5.31",
                            "public_dns": "",
                            "public_ip": "",
                            "root_block_device.#": "1",
                            "root_block_device.0.delete_on_termination": "true",
                            "root_block_device.0.iops": "100",
                            "root_block_device.0.volume_id": "vol-0e20d840acd81b74f",
                            "root_block_device.0.volume_size": "10",
                            "root_block_device.0.volume_type": "gp2",
                            "security_groups.#": "0",
                            "source_dest_check": "true",
                            "subnet_id": "subnet-067278535d0b19467",
                            "tags.%": "1",
                            "tags.Name": "Worker-2",
                            "tenancy": "default",
                            "user_data": "054f262ddbaef4e81809883d4736770ef8a539a4",
                            "volume_tags.%": "0",
                            "vpc_security_group_ids.#": "1",
                            "vpc_security_group_ids.1678325498": "sg-08247c02fe2b5b5b2"
                        },
                        "meta": {
                            "e2bfb730-ecaa-11e6-8f88-34363bc7c4c0": {
                                "create": 600000000000,
                                "delete": 1200000000000,
                                "update": 600000000000
                            },
                            "schema_version": "1"
                        },
                        "tainted": false
                    },
                    "deposed": [],
                    "provider": "provider.aws"
                },
                "aws_instance.worker3": {
                    "type": "aws_instance",
                    "depends_on": [
                        "aws_key_pair.openshift",
                        "aws_security_group.sec_openshift",
                        "aws_subnet.PrivateSubnetC",
                        "data.aws_availability_zones.available",
                        "data.template_file.sysprep-openshift"
                    ],
                    "primary": {
                        "id": "i-050640863010c2ace",
                        "attributes": {
                            "ami": "ami-0b500ef59d8335eee",
                            "arn": "arn:aws:ec2:us-east-2:518223947592:instance/i-050640863010c2ace",
                            "associate_public_ip_address": "false",
                            "availability_zone": "us-east-2c",
                            "cpu_core_count": "2",
                            "cpu_threads_per_core": "1",
                            "credit_specification.#": "1",
                            "credit_specification.0.cpu_credits": "standard",
                            "disable_api_termination": "false",
                            "ebs_block_device.#": "0",
                            "ebs_optimized": "false",
                            "ephemeral_block_device.#": "0",
                            "get_password_data": "false",
                            "iam_instance_profile": "",
                            "id": "i-050640863010c2ace",
                            "instance_state": "running",
                            "instance_type": "t2.large",
                            "ipv6_addresses.#": "0",
                            "key_name": "openshift",
                            "monitoring": "false",
                            "network_interface.#": "0",
                            "network_interface_id": "eni-0461eb0f7e786946b",
                            "password_data": "",
                            "placement_group": "",
                            "primary_network_interface_id": "eni-0461eb0f7e786946b",
                            "private_dns": "ip-10-0-9-103.us-east-2.compute.internal",
                            "private_ip": "10.0.9.103",
                            "public_dns": "",
                            "public_ip": "",
                            "root_block_device.#": "1",
                            "root_block_device.0.delete_on_termination": "true",
                            "root_block_device.0.iops": "100",
                            "root_block_device.0.volume_id": "vol-0f6b245e57b92fc8c",
                            "root_block_device.0.volume_size": "10",
                            "root_block_device.0.volume_type": "gp2",
                            "security_groups.#": "0",
                            "source_dest_check": "true",
                            "subnet_id": "subnet-046822ad677f343f5",
                            "tags.%": "1",
                            "tags.Name": "Worker-3",
                            "tenancy": "default",
                            "user_data": "054f262ddbaef4e81809883d4736770ef8a539a4",
                            "volume_tags.%": "0",
                            "vpc_security_group_ids.#": "1",
                            "vpc_security_group_ids.1678325498": "sg-08247c02fe2b5b5b2"
                        },
                        "meta": {
                            "e2bfb730-ecaa-11e6-8f88-34363bc7c4c0": {
                                "create": 600000000000,
                                "delete": 1200000000000,
                                "update": 600000000000
                            },
                            "schema_version": "1"
                        },
                        "tainted": false
                    },
                    "deposed": [],
                    "provider": "provider.aws"
                },
                "aws_internet_gateway.gw": {
                    "type": "aws_internet_gateway",
                    "depends_on": [
                        "aws_vpc.default"
                    ],
                    "primary": {
                        "id": "igw-07c47dc597a5e70cb",
                        "attributes": {
                            "id": "igw-07c47dc597a5e70cb",
                            "owner_id": "518223947592",
                            "tags.%": "1",
                            "tags.Name": "Internet Gateway",
                            "vpc_id": "vpc-01139e62f753f9ae6"
                        },
                        "meta": {},
                        "tainted": false
                    },
                    "deposed": [],
                    "provider": "provider.aws"
                },
                "aws_key_pair.bastion": {
                    "type": "aws_key_pair",
                    "depends_on": [],
                    "primary": {
                        "id": "bastion",
                        "attributes": {
                            "fingerprint": "90:76:03:e4:78:20:b9:65:01:c4:35:4a:26:42:d4:64",
                            "id": "bastion",
                            "key_name": "bastion",
                            "public_key": "ssh-rsa AAAAB3NzaC1yc2EAAAADAQABAAABAQDPIsW9Bh0zFKps+fwT11O9h0qGGD2B85yVP+XGoysNBKSmRfrFaqwNHjqngSyGp0gy1iZ1AjK6jVxzchsov8NNFHBpeo3ikMblNKpIGde4GgCX21r8Qi7NnlWa2QNTxvb4DXa0NrfkUa74Lgwqs9tgXbwo2W8cJVDlXjrIp5dO3sNLK6jaEEkaWGD9Uj/QQjSLiG5u1VnFqWQwkQ+14xmKSOteuVetZgxpdC16olP9QNW8858fSKbAQhbf77NPfj27Vt/+z1C1b3VBvHEctmH0vU2wuHCmfb24qZznjPi8TOAqp7+zVGuBx4bNDtd6Qd953Y+OWTWyutLrRPCgkpHf emre@emreozkan"
                        },
                        "meta": {
                            "schema_version": "1"
                        },
                        "tainted": false
                    },
                    "deposed": [],
                    "provider": "provider.aws"
                },
                "aws_key_pair.openshift": {
                    "type": "aws_key_pair",
                    "depends_on": [],
                    "primary": {
                        "id": "openshift",
                        "attributes": {
                            "fingerprint": "91:04:50:01:c0:70:fd:98:02:62:5e:75:91:20:68:94",
                            "id": "openshift",
                            "key_name": "openshift",
                            "public_key": "ssh-rsa AAAAB3NzaC1yc2EAAAADAQABAAABAQDhs1Yh0+pjqo8P1cnXsRdRV+y0s2+7jc0xKFGOavOe7pBMf7AdvM/EW0PVLzjzU/Ua261z9+LRyWhzWbGsPPrdOg8eQWb25ghyMSnLYmYPASsCtfuLgHaR4BbnPUlqd4MH/YEJDsPMxyzmTa9enqb+QgxOSPTFCCnVeWIzjFfOAFI08eKf0itTnhV/CNvgFQTs2s/MVkZlR1mqvUobXJPmMMp1+n2pSMIVcPI507IH7XKzqfLioIxDLa22YrKxVLA/UzoofI01KJyGfl846uReJVskupRa2/e4sCjl3lo7BulbqdYISi4NIqCIWLNUEibFgA/oD1t3f0CbR6KIRlzh emre@emreozkan"
                        },
                        "meta": {
                            "schema_version": "1"
                        },
                        "tainted": false
                    },
                    "deposed": [],
                    "provider": "provider.aws"
                },
                "aws_lb.infra_alb": {
                    "type": "aws_lb",
                    "depends_on": [
                        "aws_security_group.sec_infra_alb",
                        "aws_subnet.PublicSubnetA",
                        "aws_subnet.PublicSubnetB",
                        "aws_subnet.PublicSubnetC"
                    ],
                    "primary": {
                        "id": "arn:aws:elasticloadbalancing:us-east-2:518223947592:loadbalancer/app/infra/4d3ab60c11e10b8e",
                        "attributes": {
                            "access_logs.#": "0",
                            "arn": "arn:aws:elasticloadbalancing:us-east-2:518223947592:loadbalancer/app/infra/4d3ab60c11e10b8e",
                            "arn_suffix": "app/infra/4d3ab60c11e10b8e",
                            "dns_name": "infra-742704392.us-east-2.elb.amazonaws.com",
                            "enable_deletion_protection": "false",
                            "enable_http2": "true",
                            "id": "arn:aws:elasticloadbalancing:us-east-2:518223947592:loadbalancer/app/infra/4d3ab60c11e10b8e",
                            "idle_timeout": "60",
                            "internal": "false",
                            "ip_address_type": "ipv4",
                            "load_balancer_type": "application",
                            "name": "infra",
                            "security_groups.#": "1",
                            "security_groups.124794693": "sg-015f006ba927f4629",
                            "subnet_mapping.#": "0",
                            "subnets.#": "3",
                            "subnets.2203914079": "subnet-0fc33446f17b4fbba",
                            "subnets.2993867108": "subnet-0e080cd15f19eead6",
                            "subnets.3632415361": "subnet-00d15f836c55d889c",
                            "tags.%": "1",
                            "tags.Name": "infra_alb",
                            "vpc_id": "vpc-01139e62f753f9ae6",
                            "zone_id": "Z3AADJGX6KTTL2"
                        },
                        "meta": {
                            "e2bfb730-ecaa-11e6-8f88-34363bc7c4c0": {
                                "create": 600000000000,
                                "delete": 600000000000,
                                "update": 600000000000
                            }
                        },
                        "tainted": false
                    },
                    "deposed": [],
                    "provider": "provider.aws"
                },
                "aws_lb.master_alb": {
                    "type": "aws_lb",
                    "depends_on": [
                        "aws_subnet.PublicSubnetA",
                        "aws_subnet.PublicSubnetB",
                        "aws_subnet.PublicSubnetC"
                    ],
                    "primary": {
                        "id": "arn:aws:elasticloadbalancing:us-east-2:518223947592:loadbalancer/net/master/c7c1437953a7d6a4",
                        "attributes": {
                            "access_logs.#": "1",
                            "arn": "arn:aws:elasticloadbalancing:us-east-2:518223947592:loadbalancer/net/master/c7c1437953a7d6a4",
                            "arn_suffix": "net/master/c7c1437953a7d6a4",
                            "dns_name": "master-c7c1437953a7d6a4.elb.us-east-2.amazonaws.com",
                            "enable_cross_zone_load_balancing": "true",
                            "enable_deletion_protection": "false",
                            "id": "arn:aws:elasticloadbalancing:us-east-2:518223947592:loadbalancer/net/master/c7c1437953a7d6a4",
                            "internal": "false",
                            "ip_address_type": "ipv4",
                            "load_balancer_type": "network",
                            "name": "master",
                            "security_groups.#": "0",
                            "subnet_mapping.#": "0",
                            "subnets.#": "3",
                            "subnets.2203914079": "subnet-0fc33446f17b4fbba",
                            "subnets.2993867108": "subnet-0e080cd15f19eead6",
                            "subnets.3632415361": "subnet-00d15f836c55d889c",
                            "tags.%": "1",
                            "tags.Name": "master_alb",
                            "vpc_id": "vpc-01139e62f753f9ae6",
                            "zone_id": "ZLMOA37VPKANP"
                        },
                        "meta": {
                            "e2bfb730-ecaa-11e6-8f88-34363bc7c4c0": {
                                "create": 600000000000,
                                "delete": 600000000000,
                                "update": 600000000000
                            }
                        },
                        "tainted": false
                    },
                    "deposed": [],
                    "provider": "provider.aws"
                },
                "aws_lb_listener.listener_infra_alb": {
                    "type": "aws_lb_listener",
                    "depends_on": [
                        "aws_lb.infra_alb",
                        "aws_lb_target_group.group_infra_alb"
                    ],
                    "primary": {
                        "id": "arn:aws:elasticloadbalancing:us-east-2:518223947592:listener/app/infra/4d3ab60c11e10b8e/6ca200d9b748da48",
                        "attributes": {
                            "arn": "arn:aws:elasticloadbalancing:us-east-2:518223947592:listener/app/infra/4d3ab60c11e10b8e/6ca200d9b748da48",
                            "default_action.#": "1",
                            "default_action.0.authenticate_cognito.#": "0",
                            "default_action.0.authenticate_oidc.#": "0",
                            "default_action.0.fixed_response.#": "0",
                            "default_action.0.order": "1",
                            "default_action.0.redirect.#": "0",
                            "default_action.0.target_group_arn": "arn:aws:elasticloadbalancing:us-east-2:518223947592:targetgroup/infra-alb-target-group/ee234a8ea93b7f7b",
                            "default_action.0.type": "forward",
                            "id": "arn:aws:elasticloadbalancing:us-east-2:518223947592:listener/app/infra/4d3ab60c11e10b8e/6ca200d9b748da48",
                            "load_balancer_arn": "arn:aws:elasticloadbalancing:us-east-2:518223947592:loadbalancer/app/infra/4d3ab60c11e10b8e",
                            "port": "80",
                            "protocol": "HTTP",
                            "ssl_policy": ""
                        },
                        "meta": {
                            "e2bfb730-ecaa-11e6-8f88-34363bc7c4c0": {
                                "read": 600000000000
                            }
                        },
                        "tainted": false
                    },
                    "deposed": [],
                    "provider": "provider.aws"
                },
                "aws_lb_listener.listener_master_alb": {
                    "type": "aws_lb_listener",
                    "depends_on": [
                        "aws_lb.master_alb",
                        "aws_lb_target_group.group_master_alb"
                    ],
                    "primary": {
                        "id": "arn:aws:elasticloadbalancing:us-east-2:518223947592:listener/net/master/c7c1437953a7d6a4/74e79adf84026d46",
                        "attributes": {
                            "arn": "arn:aws:elasticloadbalancing:us-east-2:518223947592:listener/net/master/c7c1437953a7d6a4/74e79adf84026d46",
                            "default_action.#": "1",
                            "default_action.0.authenticate_cognito.#": "0",
                            "default_action.0.authenticate_oidc.#": "0",
                            "default_action.0.fixed_response.#": "0",
                            "default_action.0.order": "1",
                            "default_action.0.redirect.#": "0",
                            "default_action.0.target_group_arn": "arn:aws:elasticloadbalancing:us-east-2:518223947592:targetgroup/master-alb-target-group/11f590268eba9cee",
                            "default_action.0.type": "forward",
                            "id": "arn:aws:elasticloadbalancing:us-east-2:518223947592:listener/net/master/c7c1437953a7d6a4/74e79adf84026d46",
                            "load_balancer_arn": "arn:aws:elasticloadbalancing:us-east-2:518223947592:loadbalancer/net/master/c7c1437953a7d6a4",
                            "port": "8443",
                            "protocol": "TCP",
                            "ssl_policy": ""
                        },
                        "meta": {
                            "e2bfb730-ecaa-11e6-8f88-34363bc7c4c0": {
                                "read": 600000000000
                            }
                        },
                        "tainted": false
                    },
                    "deposed": [],
                    "provider": "provider.aws"
                },
                "aws_lb_target_group.group_infra_alb": {
                    "type": "aws_lb_target_group",
                    "depends_on": [
                        "aws_vpc.default"
                    ],
                    "primary": {
                        "id": "arn:aws:elasticloadbalancing:us-east-2:518223947592:targetgroup/infra-alb-target-group/ee234a8ea93b7f7b",
                        "attributes": {
                            "arn": "arn:aws:elasticloadbalancing:us-east-2:518223947592:targetgroup/infra-alb-target-group/ee234a8ea93b7f7b",
                            "arn_suffix": "targetgroup/infra-alb-target-group/ee234a8ea93b7f7b",
                            "deregistration_delay": "300",
                            "health_check.#": "1",
                            "health_check.0.healthy_threshold": "3",
                            "health_check.0.interval": "10",
                            "health_check.0.matcher": "200",
                            "health_check.0.path": "/",
                            "health_check.0.port": "80",
                            "health_check.0.protocol": "HTTP",
                            "health_check.0.timeout": "5",
                            "health_check.0.unhealthy_threshold": "10",
                            "id": "arn:aws:elasticloadbalancing:us-east-2:518223947592:targetgroup/infra-alb-target-group/ee234a8ea93b7f7b",
                            "name": "infra-alb-target-group",
                            "port": "80",
                            "protocol": "HTTP",
                            "proxy_protocol_v2": "false",
                            "slow_start": "0",
                            "stickiness.#": "1",
                            "stickiness.0.cookie_duration": "1800",
                            "stickiness.0.enabled": "true",
                            "stickiness.0.type": "lb_cookie",
                            "tags.%": "1",
                            "tags.name": "group_infra_alb",
                            "target_type": "instance",
                            "vpc_id": "vpc-01139e62f753f9ae6"
                        },
                        "meta": {},
                        "tainted": false
                    },
                    "deposed": [],
                    "provider": "provider.aws"
                },
                "aws_lb_target_group.group_master_alb": {
                    "type": "aws_lb_target_group",
                    "depends_on": [
                        "aws_vpc.default"
                    ],
                    "primary": {
                        "id": "arn:aws:elasticloadbalancing:us-east-2:518223947592:targetgroup/master-alb-target-group/11f590268eba9cee",
                        "attributes": {
                            "arn": "arn:aws:elasticloadbalancing:us-east-2:518223947592:targetgroup/master-alb-target-group/11f590268eba9cee",
                            "arn_suffix": "targetgroup/master-alb-target-group/11f590268eba9cee",
                            "deregistration_delay": "300",
                            "health_check.#": "1",
                            "health_check.0.healthy_threshold": "3",
                            "health_check.0.interval": "30",
                            "health_check.0.matcher": "",
                            "health_check.0.path": "",
                            "health_check.0.port": "traffic-port",
                            "health_check.0.protocol": "TCP",
                            "health_check.0.timeout": "10",
                            "health_check.0.unhealthy_threshold": "3",
                            "id": "arn:aws:elasticloadbalancing:us-east-2:518223947592:targetgroup/master-alb-target-group/11f590268eba9cee",
                            "name": "master-alb-target-group",
                            "port": "8443",
                            "protocol": "TCP",
                            "proxy_protocol_v2": "false",
                            "slow_start": "0",
                            "stickiness.#": "0",
                            "tags.%": "1",
                            "tags.name": "group_master_alb",
                            "target_type": "instance",
                            "vpc_id": "vpc-01139e62f753f9ae6"
                        },
                        "meta": {},
                        "tainted": false
                    },
                    "deposed": [],
                    "provider": "provider.aws"
                },
                "aws_lb_target_group_attachment.attachment_infra1_alb": {
                    "type": "aws_lb_target_group_attachment",
                    "depends_on": [
                        "aws_instance.infra1",
                        "aws_lb_target_group.group_infra_alb"
                    ],
                    "primary": {
                        "id": "arn:aws:elasticloadbalancing:us-east-2:518223947592:targetgroup/infra-alb-target-group/ee234a8ea93b7f7b-20190123044650354800000002",
                        "attributes": {
                            "id": "arn:aws:elasticloadbalancing:us-east-2:518223947592:targetgroup/infra-alb-target-group/ee234a8ea93b7f7b-20190123044650354800000002",
                            "port": "80",
                            "target_group_arn": "arn:aws:elasticloadbalancing:us-east-2:518223947592:targetgroup/infra-alb-target-group/ee234a8ea93b7f7b",
                            "target_id": "i-0c90ce373f1615d60"
                        },
                        "meta": {},
                        "tainted": false
                    },
                    "deposed": [],
                    "provider": "provider.aws"
                },
                "aws_lb_target_group_attachment.attachment_infra2_alb": {
                    "type": "aws_lb_target_group_attachment",
                    "depends_on": [
                        "aws_instance.infra2",
                        "aws_lb_target_group.group_infra_alb"
                    ],
                    "primary": {
                        "id": "arn:aws:elasticloadbalancing:us-east-2:518223947592:targetgroup/infra-alb-target-group/ee234a8ea93b7f7b-20190123044722567300000005",
                        "attributes": {
                            "id": "arn:aws:elasticloadbalancing:us-east-2:518223947592:targetgroup/infra-alb-target-group/ee234a8ea93b7f7b-20190123044722567300000005",
                            "port": "80",
                            "target_group_arn": "arn:aws:elasticloadbalancing:us-east-2:518223947592:targetgroup/infra-alb-target-group/ee234a8ea93b7f7b",
                            "target_id": "i-009b26f8827037c38"
                        },
                        "meta": {},
                        "tainted": false
                    },
                    "deposed": [],
                    "provider": "provider.aws"
                },
                "aws_lb_target_group_attachment.attachment_infra3_alb": {
                    "type": "aws_lb_target_group_attachment",
                    "depends_on": [
                        "aws_instance.infra3",
                        "aws_lb_target_group.group_infra_alb"
                    ],
                    "primary": {
                        "id": "arn:aws:elasticloadbalancing:us-east-2:518223947592:targetgroup/infra-alb-target-group/ee234a8ea93b7f7b-20190123044643084800000001",
                        "attributes": {
                            "id": "arn:aws:elasticloadbalancing:us-east-2:518223947592:targetgroup/infra-alb-target-group/ee234a8ea93b7f7b-20190123044643084800000001",
                            "port": "80",
                            "target_group_arn": "arn:aws:elasticloadbalancing:us-east-2:518223947592:targetgroup/infra-alb-target-group/ee234a8ea93b7f7b",
                            "target_id": "i-0b1a2dae7db36abd1"
                        },
                        "meta": {},
                        "tainted": false
                    },
                    "deposed": [],
                    "provider": "provider.aws"
                },
                "aws_lb_target_group_attachment.attachment_master1_alb": {
                    "type": "aws_lb_target_group_attachment",
                    "depends_on": [
                        "aws_instance.master1",
                        "aws_lb_target_group.group_master_alb"
                    ],
                    "primary": {
                        "id": "arn:aws:elasticloadbalancing:us-east-2:518223947592:targetgroup/master-alb-target-group/11f590268eba9cee-20190123044714858600000003",
                        "attributes": {
                            "id": "arn:aws:elasticloadbalancing:us-east-2:518223947592:targetgroup/master-alb-target-group/11f590268eba9cee-20190123044714858600000003",
                            "port": "8443",
                            "target_group_arn": "arn:aws:elasticloadbalancing:us-east-2:518223947592:targetgroup/master-alb-target-group/11f590268eba9cee",
                            "target_id": "i-0e8afe8ad0eb74210"
                        },
                        "meta": {},
                        "tainted": false
                    },
                    "deposed": [],
                    "provider": "provider.aws"
                },
                "aws_lb_target_group_attachment.attachment_master2_alb": {
                    "type": "aws_lb_target_group_attachment",
                    "depends_on": [
                        "aws_instance.master2",
                        "aws_lb_target_group.group_master_alb"
                    ],
                    "primary": {
                        "id": "arn:aws:elasticloadbalancing:us-east-2:518223947592:targetgroup/master-alb-target-group/11f590268eba9cee-20190123044737481700000006",
                        "attributes": {
                            "id": "arn:aws:elasticloadbalancing:us-east-2:518223947592:targetgroup/master-alb-target-group/11f590268eba9cee-20190123044737481700000006",
                            "port": "8443",
                            "target_group_arn": "arn:aws:elasticloadbalancing:us-east-2:518223947592:targetgroup/master-alb-target-group/11f590268eba9cee",
                            "target_id": "i-0a1d74eeb20a979af"
                        },
                        "meta": {},
                        "tainted": false
                    },
                    "deposed": [],
                    "provider": "provider.aws"
                },
                "aws_lb_target_group_attachment.attachment_master3_alb": {
                    "type": "aws_lb_target_group_attachment",
                    "depends_on": [
                        "aws_instance.master3",
                        "aws_lb_target_group.group_master_alb"
                    ],
                    "primary": {
                        "id": "arn:aws:elasticloadbalancing:us-east-2:518223947592:targetgroup/master-alb-target-group/11f590268eba9cee-20190123044721794200000004",
                        "attributes": {
                            "id": "arn:aws:elasticloadbalancing:us-east-2:518223947592:targetgroup/master-alb-target-group/11f590268eba9cee-20190123044721794200000004",
                            "port": "8443",
                            "target_group_arn": "arn:aws:elasticloadbalancing:us-east-2:518223947592:targetgroup/master-alb-target-group/11f590268eba9cee",
                            "target_id": "i-07c4720886ffb1b2a"
                        },
                        "meta": {},
                        "tainted": false
                    },
                    "deposed": [],
                    "provider": "provider.aws"
                },
                "aws_nat_gateway.public_nat_a": {
                    "type": "aws_nat_gateway",
                    "depends_on": [
                        "aws_eip.natgw_a",
                        "aws_internet_gateway.gw",
                        "aws_subnet.PublicSubnetA"
                    ],
                    "primary": {
                        "id": "nat-0ca02f2bfb6c9208e",
                        "attributes": {
                            "allocation_id": "eipalloc-0598837f73499a1ce",
                            "id": "nat-0ca02f2bfb6c9208e",
                            "network_interface_id": "eni-05f9946b50f420edb",
                            "private_ip": "10.0.0.181",
                            "public_ip": "18.218.222.55",
                            "subnet_id": "subnet-0e080cd15f19eead6",
                            "tags.%": "0"
                        },
                        "meta": {},
                        "tainted": false
                    },
                    "deposed": [],
                    "provider": "provider.aws"
                },
                "aws_nat_gateway.public_nat_b": {
                    "type": "aws_nat_gateway",
                    "depends_on": [
                        "aws_eip.natgw_b",
                        "aws_internet_gateway.gw",
                        "aws_subnet.PublicSubnetB"
                    ],
                    "primary": {
                        "id": "nat-0fa84516cc6951ba7",
                        "attributes": {
                            "allocation_id": "eipalloc-0cf1c71f650d54f3c",
                            "id": "nat-0fa84516cc6951ba7",
                            "network_interface_id": "eni-0ef09aa250a58caa5",
                            "private_ip": "10.0.4.233",
                            "public_ip": "18.220.224.146",
                            "subnet_id": "subnet-00d15f836c55d889c",
                            "tags.%": "0"
                        },
                        "meta": {},
                        "tainted": false
                    },
                    "deposed": [],
                    "provider": "provider.aws"
                },
                "aws_nat_gateway.public_nat_c": {
                    "type": "aws_nat_gateway",
                    "depends_on": [
                        "aws_eip.natgw_c",
                        "aws_internet_gateway.gw",
                        "aws_subnet.PublicSubnetC"
                    ],
                    "primary": {
                        "id": "nat-0197da8ba6ea42583",
                        "attributes": {
                            "allocation_id": "eipalloc-0a07d582b1f5a1e23",
                            "id": "nat-0197da8ba6ea42583",
                            "network_interface_id": "eni-04c9b34864d3a1de7",
                            "private_ip": "10.0.8.156",
                            "public_ip": "18.220.237.177",
                            "subnet_id": "subnet-0fc33446f17b4fbba",
                            "tags.%": "0"
                        },
                        "meta": {},
                        "tainted": false
                    },
                    "deposed": [],
                    "provider": "provider.aws"
                },
                "aws_network_acl.all": {
                    "type": "aws_network_acl",
                    "depends_on": [
                        "aws_vpc.default"
                    ],
                    "primary": {
                        "id": "acl-0274a1c4a95613833",
                        "attributes": {
                            "egress.#": "1",
                            "egress.2943206146.action": "allow",
                            "egress.2943206146.cidr_block": "0.0.0.0/0",
                            "egress.2943206146.from_port": "0",
                            "egress.2943206146.icmp_code": "0",
                            "egress.2943206146.icmp_type": "0",
                            "egress.2943206146.ipv6_cidr_block": "",
                            "egress.2943206146.protocol": "-1",
                            "egress.2943206146.rule_no": "2",
                            "egress.2943206146.to_port": "0",
                            "id": "acl-0274a1c4a95613833",
                            "ingress.#": "1",
                            "ingress.1564094202.action": "allow",
                            "ingress.1564094202.cidr_block": "0.0.0.0/0",
                            "ingress.1564094202.from_port": "0",
                            "ingress.1564094202.icmp_code": "0",
                            "ingress.1564094202.icmp_type": "0",
                            "ingress.1564094202.ipv6_cidr_block": "",
                            "ingress.1564094202.protocol": "-1",
                            "ingress.1564094202.rule_no": "1",
                            "ingress.1564094202.to_port": "0",
                            "owner_id": "518223947592",
                            "subnet_ids.#": "0",
                            "tags.%": "1",
                            "tags.Name": "open acl",
                            "vpc_id": "vpc-01139e62f753f9ae6"
                        },
                        "meta": {},
                        "tainted": false
                    },
                    "deposed": [],
                    "provider": "provider.aws"
                },
                "aws_route_table.private_route_a": {
                    "type": "aws_route_table",
                    "depends_on": [
                        "aws_nat_gateway.public_nat_a",
                        "aws_vpc.default"
                    ],
                    "primary": {
                        "id": "rtb-030727e4c5016a12e",
                        "attributes": {
                            "id": "rtb-030727e4c5016a12e",
                            "owner_id": "518223947592",
                            "propagating_vgws.#": "0",
                            "route.#": "1",
                            "route.3923314556.cidr_block": "0.0.0.0/0",
                            "route.3923314556.egress_only_gateway_id": "",
                            "route.3923314556.gateway_id": "",
                            "route.3923314556.instance_id": "",
                            "route.3923314556.ipv6_cidr_block": "",
                            "route.3923314556.nat_gateway_id": "nat-0ca02f2bfb6c9208e",
                            "route.3923314556.network_interface_id": "",
                            "route.3923314556.transit_gateway_id": "",
                            "route.3923314556.vpc_peering_connection_id": "",
                            "tags.%": "1",
                            "tags.Name": "Private Route A",
                            "vpc_id": "vpc-01139e62f753f9ae6"
                        },
                        "meta": {},
                        "tainted": false
                    },
                    "deposed": [],
                    "provider": "provider.aws"
                },
                "aws_route_table.private_route_b": {
                    "type": "aws_route_table",
                    "depends_on": [
                        "aws_nat_gateway.public_nat_b",
                        "aws_vpc.default"
                    ],
                    "primary": {
                        "id": "rtb-06635d8d60b415944",
                        "attributes": {
                            "id": "rtb-06635d8d60b415944",
                            "owner_id": "518223947592",
                            "propagating_vgws.#": "0",
                            "route.#": "1",
                            "route.560118798.cidr_block": "0.0.0.0/0",
                            "route.560118798.egress_only_gateway_id": "",
                            "route.560118798.gateway_id": "",
                            "route.560118798.instance_id": "",
                            "route.560118798.ipv6_cidr_block": "",
                            "route.560118798.nat_gateway_id": "nat-0fa84516cc6951ba7",
                            "route.560118798.network_interface_id": "",
                            "route.560118798.transit_gateway_id": "",
                            "route.560118798.vpc_peering_connection_id": "",
                            "tags.%": "1",
                            "tags.Name": "Private Route B",
                            "vpc_id": "vpc-01139e62f753f9ae6"
                        },
                        "meta": {},
                        "tainted": false
                    },
                    "deposed": [],
                    "provider": "provider.aws"
                },
                "aws_route_table.private_route_c": {
                    "type": "aws_route_table",
                    "depends_on": [
                        "aws_nat_gateway.public_nat_c",
                        "aws_vpc.default"
                    ],
                    "primary": {
                        "id": "rtb-0a089cbcf6ece21f5",
                        "attributes": {
                            "id": "rtb-0a089cbcf6ece21f5",
                            "owner_id": "518223947592",
                            "propagating_vgws.#": "0",
                            "route.#": "1",
                            "route.2226817610.cidr_block": "0.0.0.0/0",
                            "route.2226817610.egress_only_gateway_id": "",
                            "route.2226817610.gateway_id": "",
                            "route.2226817610.instance_id": "",
                            "route.2226817610.ipv6_cidr_block": "",
                            "route.2226817610.nat_gateway_id": "nat-0197da8ba6ea42583",
                            "route.2226817610.network_interface_id": "",
                            "route.2226817610.transit_gateway_id": "",
                            "route.2226817610.vpc_peering_connection_id": "",
                            "tags.%": "1",
                            "tags.Name": "Private Route C",
                            "vpc_id": "vpc-01139e62f753f9ae6"
                        },
                        "meta": {},
                        "tainted": false
                    },
                    "deposed": [],
                    "provider": "provider.aws"
                },
                "aws_route_table.public_route_a": {
                    "type": "aws_route_table",
                    "depends_on": [
                        "aws_internet_gateway.gw",
                        "aws_vpc.default"
                    ],
                    "primary": {
                        "id": "rtb-0d1216fa2d040a8d2",
                        "attributes": {
                            "id": "rtb-0d1216fa2d040a8d2",
                            "owner_id": "518223947592",
                            "propagating_vgws.#": "0",
                            "route.#": "1",
                            "route.3927989988.cidr_block": "0.0.0.0/0",
                            "route.3927989988.egress_only_gateway_id": "",
                            "route.3927989988.gateway_id": "igw-07c47dc597a5e70cb",
                            "route.3927989988.instance_id": "",
                            "route.3927989988.ipv6_cidr_block": "",
                            "route.3927989988.nat_gateway_id": "",
                            "route.3927989988.network_interface_id": "",
                            "route.3927989988.transit_gateway_id": "",
                            "route.3927989988.vpc_peering_connection_id": "",
                            "tags.%": "1",
                            "tags.Name": "Public Route A",
                            "vpc_id": "vpc-01139e62f753f9ae6"
                        },
                        "meta": {},
                        "tainted": false
                    },
                    "deposed": [],
                    "provider": "provider.aws"
                },
                "aws_route_table.public_route_b": {
                    "type": "aws_route_table",
                    "depends_on": [
                        "aws_internet_gateway.gw",
                        "aws_vpc.default"
                    ],
                    "primary": {
                        "id": "rtb-02d50384b5ee193f2",
                        "attributes": {
                            "id": "rtb-02d50384b5ee193f2",
                            "owner_id": "518223947592",
                            "propagating_vgws.#": "0",
                            "route.#": "1",
                            "route.3927989988.cidr_block": "0.0.0.0/0",
                            "route.3927989988.egress_only_gateway_id": "",
                            "route.3927989988.gateway_id": "igw-07c47dc597a5e70cb",
                            "route.3927989988.instance_id": "",
                            "route.3927989988.ipv6_cidr_block": "",
                            "route.3927989988.nat_gateway_id": "",
                            "route.3927989988.network_interface_id": "",
                            "route.3927989988.transit_gateway_id": "",
                            "route.3927989988.vpc_peering_connection_id": "",
                            "tags.%": "1",
                            "tags.Name": "Public Route B",
                            "vpc_id": "vpc-01139e62f753f9ae6"
                        },
                        "meta": {},
                        "tainted": false
                    },
                    "deposed": [],
                    "provider": "provider.aws"
                },
                "aws_route_table.public_route_c": {
                    "type": "aws_route_table",
                    "depends_on": [
                        "aws_internet_gateway.gw",
                        "aws_vpc.default"
                    ],
                    "primary": {
                        "id": "rtb-04b0320b40338a002",
                        "attributes": {
                            "id": "rtb-04b0320b40338a002",
                            "owner_id": "518223947592",
                            "propagating_vgws.#": "0",
                            "route.#": "1",
                            "route.3927989988.cidr_block": "0.0.0.0/0",
                            "route.3927989988.egress_only_gateway_id": "",
                            "route.3927989988.gateway_id": "igw-07c47dc597a5e70cb",
                            "route.3927989988.instance_id": "",
                            "route.3927989988.ipv6_cidr_block": "",
                            "route.3927989988.nat_gateway_id": "",
                            "route.3927989988.network_interface_id": "",
                            "route.3927989988.transit_gateway_id": "",
                            "route.3927989988.vpc_peering_connection_id": "",
                            "tags.%": "1",
                            "tags.Name": "Public Route C",
                            "vpc_id": "vpc-01139e62f753f9ae6"
                        },
                        "meta": {},
                        "tainted": false
                    },
                    "deposed": [],
                    "provider": "provider.aws"
                },
                "aws_route_table_association.PrivateSubnetA": {
                    "type": "aws_route_table_association",
                    "depends_on": [
                        "aws_route_table.private_route_a",
                        "aws_subnet.PrivateSubnetA"
                    ],
                    "primary": {
                        "id": "rtbassoc-03ac097de79e5818d",
                        "attributes": {
                            "id": "rtbassoc-03ac097de79e5818d",
                            "route_table_id": "rtb-030727e4c5016a12e",
                            "subnet_id": "subnet-0f647285f6c32b424"
                        },
                        "meta": {},
                        "tainted": false
                    },
                    "deposed": [],
                    "provider": "provider.aws"
                },
                "aws_route_table_association.PrivateSubnetB": {
                    "type": "aws_route_table_association",
                    "depends_on": [
                        "aws_route_table.private_route_b",
                        "aws_subnet.PrivateSubnetB"
                    ],
                    "primary": {
                        "id": "rtbassoc-0a80e2787aabbccca",
                        "attributes": {
                            "id": "rtbassoc-0a80e2787aabbccca",
                            "route_table_id": "rtb-06635d8d60b415944",
                            "subnet_id": "subnet-067278535d0b19467"
                        },
                        "meta": {},
                        "tainted": false
                    },
                    "deposed": [],
                    "provider": "provider.aws"
                },
                "aws_route_table_association.PrivateSubnetC": {
                    "type": "aws_route_table_association",
                    "depends_on": [
                        "aws_route_table.private_route_c",
                        "aws_subnet.PrivateSubnetC"
                    ],
                    "primary": {
                        "id": "rtbassoc-0c4dc6300289eab52",
                        "attributes": {
                            "id": "rtbassoc-0c4dc6300289eab52",
                            "route_table_id": "rtb-0a089cbcf6ece21f5",
                            "subnet_id": "subnet-046822ad677f343f5"
                        },
                        "meta": {},
                        "tainted": false
                    },
                    "deposed": [],
                    "provider": "provider.aws"
                },
                "aws_route_table_association.PublicSubnetA": {
                    "type": "aws_route_table_association",
                    "depends_on": [
                        "aws_route_table.public_route_a",
                        "aws_subnet.PublicSubnetA"
                    ],
                    "primary": {
                        "id": "rtbassoc-09bf9fd207da62089",
                        "attributes": {
                            "id": "rtbassoc-09bf9fd207da62089",
                            "route_table_id": "rtb-0d1216fa2d040a8d2",
                            "subnet_id": "subnet-0e080cd15f19eead6"
                        },
                        "meta": {},
                        "tainted": false
                    },
                    "deposed": [],
                    "provider": "provider.aws"
                },
                "aws_route_table_association.PublicSubnetB": {
                    "type": "aws_route_table_association",
                    "depends_on": [
                        "aws_route_table.public_route_b",
                        "aws_subnet.PublicSubnetB"
                    ],
                    "primary": {
                        "id": "rtbassoc-00b657993ff538aa1",
                        "attributes": {
                            "id": "rtbassoc-00b657993ff538aa1",
                            "route_table_id": "rtb-02d50384b5ee193f2",
                            "subnet_id": "subnet-00d15f836c55d889c"
                        },
                        "meta": {},
                        "tainted": false
                    },
                    "deposed": [],
                    "provider": "provider.aws"
                },
                "aws_route_table_association.PublicSubnetC": {
                    "type": "aws_route_table_association",
                    "depends_on": [
                        "aws_route_table.public_route_c",
                        "aws_subnet.PublicSubnetC"
                    ],
                    "primary": {
                        "id": "rtbassoc-077048737a5e32d28",
                        "attributes": {
                            "id": "rtbassoc-077048737a5e32d28",
                            "route_table_id": "rtb-04b0320b40338a002",
                            "subnet_id": "subnet-0fc33446f17b4fbba"
                        },
                        "meta": {},
                        "tainted": false
                    },
                    "deposed": [],
                    "provider": "provider.aws"
                },
                "aws_security_group.sec_bastion": {
                    "type": "aws_security_group",
                    "depends_on": [
                        "aws_vpc.default"
                    ],
                    "primary": {
                        "id": "sg-077343bfb1eda2e38",
                        "attributes": {
                            "arn": "arn:aws:ec2:us-east-2:518223947592:security-group/sg-077343bfb1eda2e38",
                            "description": "Used for bastion instance",
                            "egress.#": "1",
                            "egress.482069346.cidr_blocks.#": "1",
                            "egress.482069346.cidr_blocks.0": "0.0.0.0/0",
                            "egress.482069346.description": "",
                            "egress.482069346.from_port": "0",
                            "egress.482069346.ipv6_cidr_blocks.#": "0",
                            "egress.482069346.prefix_list_ids.#": "0",
                            "egress.482069346.protocol": "-1",
                            "egress.482069346.security_groups.#": "0",
                            "egress.482069346.self": "false",
                            "egress.482069346.to_port": "0",
                            "id": "sg-077343bfb1eda2e38",
                            "ingress.#": "1",
                            "ingress.2541437006.cidr_blocks.#": "1",
                            "ingress.2541437006.cidr_blocks.0": "0.0.0.0/0",
                            "ingress.2541437006.description": "",
                            "ingress.2541437006.from_port": "22",
                            "ingress.2541437006.ipv6_cidr_blocks.#": "0",
                            "ingress.2541437006.prefix_list_ids.#": "0",
                            "ingress.2541437006.protocol": "tcp",
                            "ingress.2541437006.security_groups.#": "0",
                            "ingress.2541437006.self": "false",
                            "ingress.2541437006.to_port": "22",
                            "name": "sec_bastion",
                            "owner_id": "518223947592",
                            "revoke_rules_on_delete": "false",
                            "tags.%": "0",
                            "vpc_id": "vpc-01139e62f753f9ae6"
                        },
                        "meta": {
                            "e2bfb730-ecaa-11e6-8f88-34363bc7c4c0": {
                                "create": 600000000000,
                                "delete": 600000000000
                            },
                            "schema_version": "1"
                        },
                        "tainted": false
                    },
                    "deposed": [],
                    "provider": "provider.aws"
                },
                "aws_security_group.sec_infra_alb": {
                    "type": "aws_security_group",
                    "depends_on": [
                        "aws_vpc.default"
                    ],
                    "primary": {
                        "id": "sg-015f006ba927f4629",
                        "attributes": {
                            "arn": "arn:aws:ec2:us-east-2:518223947592:security-group/sg-015f006ba927f4629",
                            "description": "Managed by Terraform",
                            "egress.#": "1",
                            "egress.482069346.cidr_blocks.#": "1",
                            "egress.482069346.cidr_blocks.0": "0.0.0.0/0",
                            "egress.482069346.description": "",
                            "egress.482069346.from_port": "0",
                            "egress.482069346.ipv6_cidr_blocks.#": "0",
                            "egress.482069346.prefix_list_ids.#": "0",
                            "egress.482069346.protocol": "-1",
                            "egress.482069346.security_groups.#": "0",
                            "egress.482069346.self": "false",
                            "egress.482069346.to_port": "0",
                            "id": "sg-015f006ba927f4629",
                            "ingress.#": "1",
                            "ingress.2214680975.cidr_blocks.#": "1",
                            "ingress.2214680975.cidr_blocks.0": "0.0.0.0/0",
                            "ingress.2214680975.description": "",
                            "ingress.2214680975.from_port": "80",
                            "ingress.2214680975.ipv6_cidr_blocks.#": "0",
                            "ingress.2214680975.prefix_list_ids.#": "0",
                            "ingress.2214680975.protocol": "tcp",
                            "ingress.2214680975.security_groups.#": "0",
                            "ingress.2214680975.self": "false",
                            "ingress.2214680975.to_port": "80",
                            "name": "sec_infra_alb",
                            "owner_id": "518223947592",
                            "revoke_rules_on_delete": "false",
                            "tags.%": "0",
                            "vpc_id": "vpc-01139e62f753f9ae6"
                        },
                        "meta": {
                            "e2bfb730-ecaa-11e6-8f88-34363bc7c4c0": {
                                "create": 600000000000,
                                "delete": 600000000000
                            },
                            "schema_version": "1"
                        },
                        "tainted": false
                    },
                    "deposed": [],
                    "provider": "provider.aws"
                },
                "aws_security_group.sec_master_alb": {
                    "type": "aws_security_group",
                    "depends_on": [
                        "aws_vpc.default"
                    ],
                    "primary": {
                        "id": "sg-0f52e174aed6c364a",
                        "attributes": {
                            "arn": "arn:aws:ec2:us-east-2:518223947592:security-group/sg-0f52e174aed6c364a",
                            "description": "Managed by Terraform",
                            "egress.#": "1",
                            "egress.482069346.cidr_blocks.#": "1",
                            "egress.482069346.cidr_blocks.0": "0.0.0.0/0",
                            "egress.482069346.description": "",
                            "egress.482069346.from_port": "0",
                            "egress.482069346.ipv6_cidr_blocks.#": "0",
                            "egress.482069346.prefix_list_ids.#": "0",
                            "egress.482069346.protocol": "-1",
                            "egress.482069346.security_groups.#": "0",
                            "egress.482069346.self": "false",
                            "egress.482069346.to_port": "0",
                            "id": "sg-0f52e174aed6c364a",
                            "ingress.#": "1",
                            "ingress.2715662207.cidr_blocks.#": "1",
                            "ingress.2715662207.cidr_blocks.0": "0.0.0.0/0",
                            "ingress.2715662207.description": "",
                            "ingress.2715662207.from_port": "8443",
                            "ingress.2715662207.ipv6_cidr_blocks.#": "0",
                            "ingress.2715662207.prefix_list_ids.#": "0",
                            "ingress.2715662207.protocol": "tcp",
                            "ingress.2715662207.security_groups.#": "0",
                            "ingress.2715662207.self": "false",
                            "ingress.2715662207.to_port": "8443",
                            "name": "sec_master_alb",
                            "owner_id": "518223947592",
                            "revoke_rules_on_delete": "false",
                            "tags.%": "0",
                            "vpc_id": "vpc-01139e62f753f9ae6"
                        },
                        "meta": {
                            "e2bfb730-ecaa-11e6-8f88-34363bc7c4c0": {
                                "create": 600000000000,
                                "delete": 600000000000
                            },
                            "schema_version": "1"
                        },
                        "tainted": false
                    },
                    "deposed": [],
                    "provider": "provider.aws"
                },
                "aws_security_group.sec_openshift": {
                    "type": "aws_security_group",
                    "depends_on": [
                        "aws_vpc.default"
                    ],
                    "primary": {
                        "id": "sg-08247c02fe2b5b5b2",
                        "attributes": {
                            "arn": "arn:aws:ec2:us-east-2:518223947592:security-group/sg-08247c02fe2b5b5b2",
                            "description": "Used for openshift instances",
                            "egress.#": "1",
                            "egress.482069346.cidr_blocks.#": "1",
                            "egress.482069346.cidr_blocks.0": "0.0.0.0/0",
                            "egress.482069346.description": "",
                            "egress.482069346.from_port": "0",
                            "egress.482069346.ipv6_cidr_blocks.#": "0",
                            "egress.482069346.prefix_list_ids.#": "0",
                            "egress.482069346.protocol": "-1",
                            "egress.482069346.security_groups.#": "0",
                            "egress.482069346.self": "false",
                            "egress.482069346.to_port": "0",
                            "id": "sg-08247c02fe2b5b5b2",
                            "ingress.#": "1",
                            "ingress.482069346.cidr_blocks.#": "1",
                            "ingress.482069346.cidr_blocks.0": "0.0.0.0/0",
                            "ingress.482069346.description": "",
                            "ingress.482069346.from_port": "0",
                            "ingress.482069346.ipv6_cidr_blocks.#": "0",
                            "ingress.482069346.prefix_list_ids.#": "0",
                            "ingress.482069346.protocol": "-1",
                            "ingress.482069346.security_groups.#": "0",
                            "ingress.482069346.self": "false",
                            "ingress.482069346.to_port": "0",
                            "name": "sec_openshift",
                            "owner_id": "518223947592",
                            "revoke_rules_on_delete": "false",
                            "tags.%": "0",
                            "vpc_id": "vpc-01139e62f753f9ae6"
                        },
                        "meta": {
                            "e2bfb730-ecaa-11e6-8f88-34363bc7c4c0": {
                                "create": 600000000000,
                                "delete": 600000000000
                            },
                            "schema_version": "1"
                        },
                        "tainted": false
                    },
                    "deposed": [],
                    "provider": "provider.aws"
                },
                "aws_subnet.PrivateSubnetA": {
                    "type": "aws_subnet",
                    "depends_on": [
                        "aws_vpc.default",
                        "data.aws_availability_zones.available"
                    ],
                    "primary": {
                        "id": "subnet-0f647285f6c32b424",
                        "attributes": {
                            "arn": "arn:aws:ec2:us-east-2:518223947592:subnet/subnet-0f647285f6c32b424",
                            "assign_ipv6_address_on_creation": "false",
                            "availability_zone": "us-east-2a",
                            "availability_zone_id": "use2-az1",
                            "cidr_block": "10.0.1.0/24",
                            "id": "subnet-0f647285f6c32b424",
                            "ipv6_cidr_block": "",
                            "ipv6_cidr_block_association_id": "",
                            "map_public_ip_on_launch": "false",
                            "owner_id": "518223947592",
                            "tags.%": "1",
                            "tags.Name": "Private Subnet A",
                            "vpc_id": "vpc-01139e62f753f9ae6"
                        },
                        "meta": {
                            "e2bfb730-ecaa-11e6-8f88-34363bc7c4c0": {
                                "create": 600000000000,
                                "delete": 600000000000
                            },
                            "schema_version": "1"
                        },
                        "tainted": false
                    },
                    "deposed": [],
                    "provider": "provider.aws"
                },
                "aws_subnet.PrivateSubnetB": {
                    "type": "aws_subnet",
                    "depends_on": [
                        "aws_vpc.default",
                        "data.aws_availability_zones.available"
                    ],
                    "primary": {
                        "id": "subnet-067278535d0b19467",
                        "attributes": {
                            "arn": "arn:aws:ec2:us-east-2:518223947592:subnet/subnet-067278535d0b19467",
                            "assign_ipv6_address_on_creation": "false",
                            "availability_zone": "us-east-2b",
                            "availability_zone_id": "use2-az2",
                            "cidr_block": "10.0.5.0/24",
                            "id": "subnet-067278535d0b19467",
                            "ipv6_cidr_block": "",
                            "ipv6_cidr_block_association_id": "",
                            "map_public_ip_on_launch": "false",
                            "owner_id": "518223947592",
                            "tags.%": "1",
                            "tags.Name": "Private Subnet B",
                            "vpc_id": "vpc-01139e62f753f9ae6"
                        },
                        "meta": {
                            "e2bfb730-ecaa-11e6-8f88-34363bc7c4c0": {
                                "create": 600000000000,
                                "delete": 600000000000
                            },
                            "schema_version": "1"
                        },
                        "tainted": false
                    },
                    "deposed": [],
                    "provider": "provider.aws"
                },
                "aws_subnet.PrivateSubnetC": {
                    "type": "aws_subnet",
                    "depends_on": [
                        "aws_vpc.default",
                        "data.aws_availability_zones.available"
                    ],
                    "primary": {
                        "id": "subnet-046822ad677f343f5",
                        "attributes": {
                            "arn": "arn:aws:ec2:us-east-2:518223947592:subnet/subnet-046822ad677f343f5",
                            "assign_ipv6_address_on_creation": "false",
                            "availability_zone": "us-east-2c",
                            "availability_zone_id": "use2-az3",
                            "cidr_block": "10.0.9.0/24",
                            "id": "subnet-046822ad677f343f5",
                            "ipv6_cidr_block": "",
                            "ipv6_cidr_block_association_id": "",
                            "map_public_ip_on_launch": "false",
                            "owner_id": "518223947592",
                            "tags.%": "1",
                            "tags.Name": "Private Subnet C",
                            "vpc_id": "vpc-01139e62f753f9ae6"
                        },
                        "meta": {
                            "e2bfb730-ecaa-11e6-8f88-34363bc7c4c0": {
                                "create": 600000000000,
                                "delete": 600000000000
                            },
                            "schema_version": "1"
                        },
                        "tainted": false
                    },
                    "deposed": [],
                    "provider": "provider.aws"
                },
                "aws_subnet.PublicSubnetA": {
                    "type": "aws_subnet",
                    "depends_on": [
                        "aws_vpc.default",
                        "data.aws_availability_zones.available"
                    ],
                    "primary": {
                        "id": "subnet-0e080cd15f19eead6",
                        "attributes": {
                            "arn": "arn:aws:ec2:us-east-2:518223947592:subnet/subnet-0e080cd15f19eead6",
                            "assign_ipv6_address_on_creation": "false",
                            "availability_zone": "us-east-2a",
                            "availability_zone_id": "use2-az1",
                            "cidr_block": "10.0.0.0/24",
                            "id": "subnet-0e080cd15f19eead6",
                            "ipv6_cidr_block": "",
                            "ipv6_cidr_block_association_id": "",
                            "map_public_ip_on_launch": "false",
                            "owner_id": "518223947592",
                            "tags.%": "1",
                            "tags.Name": "Public Subnet A",
                            "vpc_id": "vpc-01139e62f753f9ae6"
                        },
                        "meta": {
                            "e2bfb730-ecaa-11e6-8f88-34363bc7c4c0": {
                                "create": 600000000000,
                                "delete": 600000000000
                            },
                            "schema_version": "1"
                        },
                        "tainted": false
                    },
                    "deposed": [],
                    "provider": "provider.aws"
                },
                "aws_subnet.PublicSubnetB": {
                    "type": "aws_subnet",
                    "depends_on": [
                        "aws_vpc.default",
                        "data.aws_availability_zones.available"
                    ],
                    "primary": {
                        "id": "subnet-00d15f836c55d889c",
                        "attributes": {
                            "arn": "arn:aws:ec2:us-east-2:518223947592:subnet/subnet-00d15f836c55d889c",
                            "assign_ipv6_address_on_creation": "false",
                            "availability_zone": "us-east-2b",
                            "availability_zone_id": "use2-az2",
                            "cidr_block": "10.0.4.0/24",
                            "id": "subnet-00d15f836c55d889c",
                            "ipv6_cidr_block": "",
                            "ipv6_cidr_block_association_id": "",
                            "map_public_ip_on_launch": "false",
                            "owner_id": "518223947592",
                            "tags.%": "1",
                            "tags.Name": "Public Subnet B",
                            "vpc_id": "vpc-01139e62f753f9ae6"
                        },
                        "meta": {
                            "e2bfb730-ecaa-11e6-8f88-34363bc7c4c0": {
                                "create": 600000000000,
                                "delete": 600000000000
                            },
                            "schema_version": "1"
                        },
                        "tainted": false
                    },
                    "deposed": [],
                    "provider": "provider.aws"
                },
                "aws_subnet.PublicSubnetC": {
                    "type": "aws_subnet",
                    "depends_on": [
                        "aws_vpc.default",
                        "data.aws_availability_zones.available"
                    ],
                    "primary": {
                        "id": "subnet-0fc33446f17b4fbba",
                        "attributes": {
                            "arn": "arn:aws:ec2:us-east-2:518223947592:subnet/subnet-0fc33446f17b4fbba",
                            "assign_ipv6_address_on_creation": "false",
                            "availability_zone": "us-east-2c",
                            "availability_zone_id": "use2-az3",
                            "cidr_block": "10.0.8.0/24",
                            "id": "subnet-0fc33446f17b4fbba",
                            "ipv6_cidr_block": "",
                            "ipv6_cidr_block_association_id": "",
                            "map_public_ip_on_launch": "false",
                            "owner_id": "518223947592",
                            "tags.%": "1",
                            "tags.Name": "Public Subnet C",
                            "vpc_id": "vpc-01139e62f753f9ae6"
                        },
                        "meta": {
                            "e2bfb730-ecaa-11e6-8f88-34363bc7c4c0": {
                                "create": 600000000000,
                                "delete": 600000000000
                            },
                            "schema_version": "1"
                        },
                        "tainted": false
                    },
                    "deposed": [],
                    "provider": "provider.aws"
                },
                "aws_volume_attachment.dockervg_ebs_attachment_infra1": {
                    "type": "aws_volume_attachment",
                    "depends_on": [
                        "aws_ebs_volume.dockervg_infra1",
                        "aws_instance.infra1"
                    ],
                    "primary": {
                        "id": "vai-2539613021",
                        "attributes": {
                            "device_name": "/dev/xvdb",
                            "id": "vai-2539613021",
                            "instance_id": "i-0c90ce373f1615d60",
                            "volume_id": "vol-0bbd902b8fc4b8ec7"
                        },
                        "meta": {},
                        "tainted": false
                    },
                    "deposed": [],
                    "provider": "provider.aws"
                },
                "aws_volume_attachment.dockervg_ebs_attachment_infra2": {
                    "type": "aws_volume_attachment",
                    "depends_on": [
                        "aws_ebs_volume.dockervg_infra2",
                        "aws_instance.infra2"
                    ],
                    "primary": {
                        "id": "vai-3717780002",
                        "attributes": {
                            "device_name": "/dev/xvdb",
                            "id": "vai-3717780002",
                            "instance_id": "i-009b26f8827037c38",
                            "volume_id": "vol-075bad5b0ae894365"
                        },
                        "meta": {},
                        "tainted": false
                    },
                    "deposed": [],
                    "provider": "provider.aws"
                },
                "aws_volume_attachment.dockervg_ebs_attachment_infra3": {
                    "type": "aws_volume_attachment",
                    "depends_on": [
                        "aws_ebs_volume.dockervg_infra3",
                        "aws_instance.infra3"
                    ],
                    "primary": {
                        "id": "vai-2001677974",
                        "attributes": {
                            "device_name": "/dev/xvdb",
                            "id": "vai-2001677974",
                            "instance_id": "i-0b1a2dae7db36abd1",
                            "volume_id": "vol-0d8aeb2212e6a78dd"
                        },
                        "meta": {},
                        "tainted": false
                    },
                    "deposed": [],
                    "provider": "provider.aws"
                },
                "aws_volume_attachment.dockervg_ebs_attachment_master1": {
                    "type": "aws_volume_attachment",
                    "depends_on": [
                        "aws_ebs_volume.dockervg_master1",
                        "aws_instance.master1"
                    ],
                    "primary": {
                        "id": "vai-3496078222",
                        "attributes": {
                            "device_name": "/dev/xvdb",
                            "id": "vai-3496078222",
                            "instance_id": "i-0e8afe8ad0eb74210",
                            "volume_id": "vol-0cc722a34e8e7a12c"
                        },
                        "meta": {},
                        "tainted": false
                    },
                    "deposed": [],
                    "provider": "provider.aws"
                },
                "aws_volume_attachment.dockervg_ebs_attachment_master2": {
                    "type": "aws_volume_attachment",
                    "depends_on": [
                        "aws_ebs_volume.dockervg_master2",
                        "aws_instance.master2"
                    ],
                    "primary": {
                        "id": "vai-4027854682",
                        "attributes": {
                            "device_name": "/dev/xvdb",
                            "id": "vai-4027854682",
                            "instance_id": "i-0a1d74eeb20a979af",
                            "volume_id": "vol-02bd1564b6cd7266f"
                        },
                        "meta": {},
                        "tainted": false
                    },
                    "deposed": [],
                    "provider": "provider.aws"
                },
                "aws_volume_attachment.dockervg_ebs_attachment_master3": {
                    "type": "aws_volume_attachment",
                    "depends_on": [
                        "aws_ebs_volume.dockervg_master3",
                        "aws_instance.master3"
                    ],
                    "primary": {
                        "id": "vai-1161002128",
                        "attributes": {
                            "device_name": "/dev/xvdb",
                            "id": "vai-1161002128",
                            "instance_id": "i-07c4720886ffb1b2a",
                            "volume_id": "vol-0402084c21ad5d108"
                        },
                        "meta": {},
                        "tainted": false
                    },
                    "deposed": [],
                    "provider": "provider.aws"
                },
                "aws_volume_attachment.dockervg_ebs_attachment_worker1": {
                    "type": "aws_volume_attachment",
                    "depends_on": [
                        "aws_ebs_volume.dockervg_worker1",
                        "aws_instance.worker1"
                    ],
                    "primary": {
                        "id": "vai-887787221",
                        "attributes": {
                            "device_name": "/dev/xvdb",
                            "id": "vai-887787221",
                            "instance_id": "i-0e4826dc67d09d8e3",
                            "volume_id": "vol-09acf3cd678bc84a8"
                        },
                        "meta": {},
                        "tainted": false
                    },
                    "deposed": [],
                    "provider": "provider.aws"
                },
                "aws_volume_attachment.dockervg_ebs_attachment_worker2": {
                    "type": "aws_volume_attachment",
                    "depends_on": [
                        "aws_ebs_volume.dockervg_worker2",
                        "aws_instance.worker2"
                    ],
                    "primary": {
                        "id": "vai-3150991022",
                        "attributes": {
                            "device_name": "/dev/xvdb",
                            "id": "vai-3150991022",
                            "instance_id": "i-0cb22d61f05c35b40",
                            "volume_id": "vol-04b4cf02669774505"
                        },
                        "meta": {},
                        "tainted": false
                    },
                    "deposed": [],
                    "provider": "provider.aws"
                },
                "aws_volume_attachment.dockervg_ebs_attachment_worker3": {
                    "type": "aws_volume_attachment",
                    "depends_on": [
                        "aws_ebs_volume.dockervg_worker3",
                        "aws_instance.worker3"
                    ],
                    "primary": {
                        "id": "vai-2239130269",
                        "attributes": {
                            "device_name": "/dev/xvdb",
                            "id": "vai-2239130269",
                            "instance_id": "i-050640863010c2ace",
                            "volume_id": "vol-0b27cf2916218d4ac"
                        },
                        "meta": {},
                        "tainted": false
                    },
                    "deposed": [],
                    "provider": "provider.aws"
                },
                "aws_volume_attachment.glstr_ebs_attachment_worker1": {
                    "type": "aws_volume_attachment",
                    "depends_on": [
                        "aws_ebs_volume.glstr_worker1",
                        "aws_instance.worker1"
                    ],
                    "primary": {
                        "id": "vai-854801939",
                        "attributes": {
                            "device_name": "/dev/xvdc",
                            "id": "vai-854801939",
                            "instance_id": "i-0e4826dc67d09d8e3",
                            "volume_id": "vol-09dd247b945ab8ace"
                        },
                        "meta": {},
                        "tainted": false
                    },
                    "deposed": [],
                    "provider": "provider.aws"
                },
                "aws_volume_attachment.glstr_ebs_attachment_worker2": {
                    "type": "aws_volume_attachment",
                    "depends_on": [
                        "aws_ebs_volume.glstr_worker2",
                        "aws_instance.worker2"
                    ],
                    "primary": {
                        "id": "vai-700595047",
                        "attributes": {
                            "device_name": "/dev/xvdc",
                            "id": "vai-700595047",
                            "instance_id": "i-0cb22d61f05c35b40",
                            "volume_id": "vol-0cfc1391dcd2a6510"
                        },
                        "meta": {},
                        "tainted": false
                    },
                    "deposed": [],
                    "provider": "provider.aws"
                },
                "aws_volume_attachment.glstr_ebs_attachment_worker3": {
                    "type": "aws_volume_attachment",
                    "depends_on": [
                        "aws_ebs_volume.glstr_worker3",
                        "aws_instance.worker3"
                    ],
                    "primary": {
                        "id": "vai-114378560",
                        "attributes": {
                            "device_name": "/dev/xvdc",
                            "id": "vai-114378560",
                            "instance_id": "i-050640863010c2ace",
                            "volume_id": "vol-09c8e0e8d0cb13f03"
                        },
                        "meta": {},
                        "tainted": false
                    },
                    "deposed": [],
                    "provider": "provider.aws"
                },
                "aws_volume_attachment.glstr_registry_block_ebs_attachment_infra1": {
                    "type": "aws_volume_attachment",
                    "depends_on": [
                        "aws_ebs_volume.glstr_registry_block_infra1",
                        "aws_instance.infra1"
                    ],
                    "primary": {
                        "id": "vai-409089616",
                        "attributes": {
                            "device_name": "/dev/xvdc",
                            "id": "vai-409089616",
                            "instance_id": "i-0c90ce373f1615d60",
                            "volume_id": "vol-015a2434dbbe4cb2a"
                        },
                        "meta": {},
                        "tainted": false
                    },
                    "deposed": [],
                    "provider": "provider.aws"
                },
                "aws_volume_attachment.glstr_registry_block_ebs_attachment_infra2": {
                    "type": "aws_volume_attachment",
                    "depends_on": [
                        "aws_ebs_volume.glstr_registry_block_infra2",
                        "aws_instance.infra2"
                    ],
                    "primary": {
                        "id": "vai-2121087564",
                        "attributes": {
                            "device_name": "/dev/xvdc",
                            "id": "vai-2121087564",
                            "instance_id": "i-009b26f8827037c38",
                            "volume_id": "vol-0906e5713d9201619"
                        },
                        "meta": {},
                        "tainted": false
                    },
                    "deposed": [],
                    "provider": "provider.aws"
                },
                "aws_volume_attachment.glstr_registry_block_ebs_attachment_infra3": {
                    "type": "aws_volume_attachment",
                    "depends_on": [
                        "aws_ebs_volume.glstr_registry_block_infra3",
                        "aws_instance.infra3"
                    ],
                    "primary": {
                        "id": "vai-1313515029",
                        "attributes": {
                            "device_name": "/dev/xvdc",
                            "id": "vai-1313515029",
                            "instance_id": "i-0b1a2dae7db36abd1",
                            "volume_id": "vol-01aabc29f6d02c94e"
                        },
                        "meta": {},
                        "tainted": false
                    },
                    "deposed": [],
                    "provider": "provider.aws"
                },
                "aws_vpc.default": {
                    "type": "aws_vpc",
                    "depends_on": [],
                    "primary": {
                        "id": "vpc-01139e62f753f9ae6",
                        "attributes": {
                            "arn": "arn:aws:ec2:us-east-2:518223947592:vpc/vpc-01139e62f753f9ae6",
                            "assign_generated_ipv6_cidr_block": "false",
                            "cidr_block": "10.0.0.0/20",
                            "default_network_acl_id": "acl-043949d5fc098b1ea",
                            "default_route_table_id": "rtb-0c64b7fdde98f65dc",
                            "default_security_group_id": "sg-0880c5dd4026adc78",
                            "dhcp_options_id": "dopt-76caa41f",
                            "enable_dns_hostnames": "true",
                            "enable_dns_support": "true",
                            "id": "vpc-01139e62f753f9ae6",
                            "instance_tenancy": "default",
                            "ipv6_association_id": "",
                            "ipv6_cidr_block": "",
                            "main_route_table_id": "rtb-0c64b7fdde98f65dc",
                            "owner_id": "518223947592",
                            "tags.%": "1",
                            "tags.Name": "VPC"
                        },
                        "meta": {
                            "schema_version": "1"
                        },
                        "tainted": false
                    },
                    "deposed": [],
                    "provider": "provider.aws"
                },
                "data.aws_availability_zones.available": {
                    "type": "aws_availability_zones",
                    "depends_on": [],
                    "primary": {
                        "id": "2019-01-23 04:45:14.082419938 +0000 UTC",
                        "attributes": {
                            "id": "2019-01-23 04:45:14.082419938 +0000 UTC",
                            "names.#": "3",
                            "names.0": "us-east-2a",
                            "names.1": "us-east-2b",
                            "names.2": "us-east-2c",
                            "zone_ids.#": "3",
                            "zone_ids.0": "use2-az1",
                            "zone_ids.1": "use2-az2",
                            "zone_ids.2": "use2-az3"
                        },
                        "meta": {},
                        "tainted": false
                    },
                    "deposed": [],
                    "provider": "provider.aws"
                },
                "data.template_file.inventory": {
                    "type": "template_file",
                    "depends_on": [
                        "aws_instance.infra1",
                        "aws_instance.infra2",
                        "aws_instance.infra3",
                        "aws_instance.master1",
                        "aws_instance.master2",
                        "aws_instance.master3",
                        "aws_instance.worker1",
                        "aws_instance.worker2",
                        "aws_instance.worker3",
                        "aws_lb.infra_alb",
                        "aws_lb.master_alb"
                    ],
                    "primary": {
                        "id": "c24b7192fd41c1d7be4ee9a93506f7d8f87866e5a8284c55256f87fba25e8d95",
                        "attributes": {
                            "id": "c24b7192fd41c1d7be4ee9a93506f7d8f87866e5a8284c55256f87fba25e8d95",
                            "rendered": "\n[OSEv3:children]\nmasters\netcd\nnodes\nglusterfs\nglusterfs_registry\n\n[OSEv3:vars]\nansible_ssh_user=root\nansible_become=true\nopenshift_install_examples=true\nopenshift_deployment_type=openshift-enterprise\nopenshift_clock_enabled=true\nopenshift_disable_check=memory_availability,disk_availability,docker_image_availability,docker_storage\nopenshift_rolling_restart_mode=services\n\n\nopenshift_release=v3.11\n\nopenshift_check_min_host_memory_gb=8\nopenshift_disable_check=docker_image_availability,docker_storage,disk_availability\n\nopenshift_master_cluster_method=native\nopenshift_master_cluster_hostname=master-c7c1437953a7d6a4.elb.us-east-2.amazonaws.com\nopenshift_master_cluster_public_hostname=master-c7c1437953a7d6a4.elb.us-east-2.amazonaws.com\n\nopenshift_master_default_subdomain=infra-742704392.us-east-2.elb.amazonaws.com\nos_sdn_network_plugin_name='redhat/openshift-ovs-multitenant'\n\ncontainerized=true\n\nopenshift_metrics_start_cluster=true\nopenshift_metrics_install_metrics=false\n#openshift_metrics_hawkular_hostname=hawkular-metrics.infra-742704392.us-east-2.elb.amazonaws.com\nopenshift_metrics_cassandra_replicas=3\nopenshift_metrics_cassandra_pvc_size=20Gi\nopenshift_metrics_storage_kind=dynamic\nopenshift_metrics_cassandra_nodeselector={\"role\": \"infra\"}\nopenshift_metrics_hawkular_nodeselector={\"role\": \"infra\"}\nopenshift_metrics_heapster_nodeselector={\"role\": \"infra\"}\n\nopenshift_logging_install_logging=false\n#openshift_master_logging_public_url=https://kibana.infra-742704392.us-east-2.elb.amazonaws.com\nopenshift_logging_kibana_hostname=kibana.infra-742704392.us-east-2.elb.amazonaws.com\nopenshift_logging_curator_default_days=7\nopenshift_logging_curator_nodeselector={\"role\": \"infra\"}\nopenshift_logging_kibana_nodeselector={\"role\": \"infra\"}\nopenshift_logging_es_nodeselector={\"role\": \"infra\"}\nopenshift_logging_es_cluster_size=3\nopenshift_logging_es_pvc_size=15Gi\nopenshift_logging_es_pvc_dynamic=true\n\n# use htpasswd authentication with demo/demo\nopenshift_master_identity_providers=[{'name': 'htpasswd_auth', 'login': 'true', 'challenge': 'true', 'kind': 'HTPasswdPasswordIdentityProvider', 'filename': '/etc/origin/master/htpasswd'}]\nopenshift_master_htpasswd_users={'demo': '$apr1$.MaA77kd$Rlnn6RXq9kCjnEfh5I3w/.'}\n\n# put the router on dedicated infra node\nopenshift_hosted_router_selector='region=infra'\n# put the image registry on dedicated infra node\nopenshift_hosted_registry_selector='region=infra,role=infra,registry=default'\n\nopenshift_hosted_registry_storage_kind=glusterfs\nopenshift_hosted_registry_storage_volume_size=20Gi\n\nopenshift_hosted_etcd_storage_kind=glusterfs\nopenshift_hosted_etcd_storage_volume_size=1G\n\nopenshift_hosted_prometheus_deploy=false\nopenshift_prometheus_namespace=openshift-metrics\nopenshift_prometheus_node_selector={\"role\":\"infra\"}\n\ndynamic_volumes_check=False\n\n## First CNS storage cluster for applications\n# Namespace for CNS pods (will be created)\nopenshift_storage_glusterfs_namespace=app-storage\n# Automatically create a StorageClass referencing this CNS cluster\nopenshift_storage_glusterfs_storageclass=true\n# glusterblock functionality is not supported outside of Logging/Metrics\nopenshift_storage_glusterfs_block_deploy=false\n\n## Second CNS storage cluster for OpenShift infrastructure\n# Namespace for CNS pods (will be created)\nopenshift_storage_glusterfs_registry_namespace=infra-storage\n# No StorageClass; this cluster should not need to provide dynamic provisioning\nopenshift_storage_glusterfs_registry_storageclass=true\nopenshift_storage_glusterfs_registry_block_deploy=true\n# Size of automatically created block-hosting volumes,\n# must be at least the size of your largest desired block volume\nopenshift_storage_glusterfs_registry_block_host_vol_size=20\n# Create StorageClass, used by Logging and Metrics\nopenshift_storage_glusterfs_registry_block_storageclass=true\n# StorageClass needs to be cluster default for Logging/Metrics provisioning\nopenshift_storage_glusterfs_registry_block_storageclass_default=false\n\nopenshift_storage_glusterfs_storageclass_default=true\nopenshift_metrics_cassanda_pvc_storage_class_name=glusterfs-registry-block\nopenshift_logging_es_pvc_storage_class_name=glusterfs-registry-block\n\n# project pods should be placed on primary nodes\nosm_default_node_selector='region=primary'\n\nosm_project_request_template='default/project-request'\n\n[masters]\nip-10-0-1-73.us-east-2.compute.internal\nip-10-0-5-244.us-east-2.compute.internal\nip-10-0-9-253.us-east-2.compute.internal\n\n[etcd]\nip-10-0-1-73.us-east-2.compute.internal\nip-10-0-5-244.us-east-2.compute.internal\nip-10-0-9-253.us-east-2.compute.internal\n\n[glusterfs_registry]\nip-10-0-1-187.us-east-2.compute.internal glusterfs_devices='[ \"/dev/xvdc\" ]' glusterfs_ip=10.0.1.187 glusterfs_zone=1\nip-10-0-5-47.us-east-2.compute.internal glusterfs_devices='[ \"/dev/xvdc\" ]' glusterfs_ip=10.0.5.47 glusterfs_zone=2\nip-10-0-9-115.us-east-2.compute.internal glusterfs_devices='[ \"/dev/xvdc\" ]' glusterfs_ip=10.0.9.115 glusterfs_zone=3\n\n[glusterfs]\nip-10-0-1-252.us-east-2.compute.internal glusterfs_devices='[ \"/dev/xvdc\" ]' glusterfs_ip=10.0.1.252 glusterfs_zone=1\nip-10-0-5-31.us-east-2.compute.internal glusterfs_devices='[ \"/dev/xvdc\" ]' glusterfs_ip=10.0.5.31 glusterfs_zone=2\nip-10-0-9-103.us-east-2.compute.internal glusterfs_devices='[ \"/dev/xvdc\" ]' glusterfs_ip=10.0.9.103 glusterfs_zone=3\n\n[nodes]\nip-10-0-1-73.us-east-2.compute.internal openshift_hostname=ip-10-0-1-73.us-east-2.compute.internal openshift_public_hostname=master-c7c1437953a7d6a4.elb.us-east-2.amazonaws.com openshift_node_labels=\"{'region': 'infra', 'zone': 'zone-1', 'role': 'master'}\"\nip-10-0-5-244.us-east-2.compute.internal openshift_hostname=ip-10-0-5-244.us-east-2.compute.internal openshift_public_hostname=master-c7c1437953a7d6a4.elb.us-east-2.amazonaws.com openshift_node_labels=\"{'region': 'infra', 'zone': 'zone-1', 'role': 'master'}\"\nip-10-0-9-253.us-east-2.compute.internal openshift_hostname=ip-10-0-9-253.us-east-2.compute.internal openshift_public_hostname=master-c7c1437953a7d6a4.elb.us-east-2.amazonaws.com openshift_node_labels=\"{'region': 'infra', 'zone': 'zone-1', 'role': 'master'}\"\nip-10-0-1-187.us-east-2.compute.internal openshift_hostname=ip-10-0-1-187.us-east-2.compute.internal openshift_node_labels=\"{'region': 'infra', 'zone': 'zone-1', 'role': 'infra', 'registry': 'default'}\"\nip-10-0-5-47.us-east-2.compute.internal openshift_hostname=ip-10-0-5-47.us-east-2.compute.internal openshift_node_labels=\"{'region': 'infra', 'zone': 'zone-1', 'role': 'infra', 'registry': 'default'}\"\nip-10-0-9-115.us-east-2.compute.internal openshift_hostname=ip-10-0-9-115.us-east-2.compute.internal openshift_node_labels=\"{'region': 'infra', 'zone': 'zone-1', 'role': 'infra', 'registry': 'default'}\"\nip-10-0-1-252.us-east-2.compute.internal openshift_hostname=ip-10-0-1-252.us-east-2.compute.internal openshift_schedulable=true openshift_node_labels=\"{'region': 'infra', 'zone': 'zone-1', 'role': 'worker'}\"\nip-10-0-5-31.us-east-2.compute.internal openshift_hostname=ip-10-0-5-31.us-east-2.compute.internal openshift_schedulable=true openshift_node_labels=\"{'region': 'infra', 'zone': 'zone-1', 'role': 'worker'}\"\nip-10-0-9-103.us-east-2.compute.internal openshift_hostname=ip-10-0-9-103.us-east-2.compute.internal openshift_schedulable=true openshift_node_labels=\"{'region': 'infra', 'zone': 'zone-1', 'role': 'worker'}\"\n",
                            "template": "\n[OSEv3:children]\nmasters\netcd\nnodes\nglusterfs\nglusterfs_registry\n\n[OSEv3:vars]\nansible_ssh_user=root\nansible_become=true\nopenshift_install_examples=true\nopenshift_deployment_type=openshift-enterprise\nopenshift_clock_enabled=true\nopenshift_disable_check=memory_availability,disk_availability,docker_image_availability,docker_storage\nopenshift_rolling_restart_mode=services\n\n\nopenshift_release=v3.11\n\nopenshift_check_min_host_memory_gb=8\nopenshift_disable_check=docker_image_availability,docker_storage,disk_availability\n\nopenshift_master_cluster_method=native\nopenshift_master_cluster_hostname=${openshift_master_cluster_hostname}\nopenshift_master_cluster_public_hostname=${openshift_master_cluster_public_hostname}\n\nopenshift_master_default_subdomain=${public_subdomain}\nos_sdn_network_plugin_name='redhat/openshift-ovs-multitenant'\n\ncontainerized=true\n\nopenshift_metrics_start_cluster=true\nopenshift_metrics_install_metrics=false\n#openshift_metrics_hawkular_hostname=hawkular-metrics.${public_subdomain}\nopenshift_metrics_cassandra_replicas=3\nopenshift_metrics_cassandra_pvc_size=20Gi\nopenshift_metrics_storage_kind=dynamic\nopenshift_metrics_cassandra_nodeselector={\"role\": \"infra\"}\nopenshift_metrics_hawkular_nodeselector={\"role\": \"infra\"}\nopenshift_metrics_heapster_nodeselector={\"role\": \"infra\"}\n\nopenshift_logging_install_logging=false\n#openshift_master_logging_public_url=https://kibana.${public_subdomain}\nopenshift_logging_kibana_hostname=kibana.${public_subdomain}\nopenshift_logging_curator_default_days=7\nopenshift_logging_curator_nodeselector={\"role\": \"infra\"}\nopenshift_logging_kibana_nodeselector={\"role\": \"infra\"}\nopenshift_logging_es_nodeselector={\"role\": \"infra\"}\nopenshift_logging_es_cluster_size=3\nopenshift_logging_es_pvc_size=15Gi\nopenshift_logging_es_pvc_dynamic=true\n\n# use htpasswd authentication with demo/demo\nopenshift_master_identity_providers=[{'name': 'htpasswd_auth', 'login': 'true', 'challenge': 'true', 'kind': 'HTPasswdPasswordIdentityProvider', 'filename': '/etc/origin/master/htpasswd'}]\nopenshift_master_htpasswd_users={'demo': '$apr1$.MaA77kd$Rlnn6RXq9kCjnEfh5I3w/.'}\n\n# put the router on dedicated infra node\nopenshift_hosted_router_selector='region=infra'\n# put the image registry on dedicated infra node\nopenshift_hosted_registry_selector='region=infra,role=infra,registry=default'\n\nopenshift_hosted_registry_storage_kind=glusterfs\nopenshift_hosted_registry_storage_volume_size=20Gi\n\nopenshift_hosted_etcd_storage_kind=glusterfs\nopenshift_hosted_etcd_storage_volume_size=1G\n\nopenshift_hosted_prometheus_deploy=false\nopenshift_prometheus_namespace=openshift-metrics\nopenshift_prometheus_node_selector={\"role\":\"infra\"}\n\ndynamic_volumes_check=False\n\n## First CNS storage cluster for applications\n# Namespace for CNS pods (will be created)\nopenshift_storage_glusterfs_namespace=app-storage\n# Automatically create a StorageClass referencing this CNS cluster\nopenshift_storage_glusterfs_storageclass=true\n# glusterblock functionality is not supported outside of Logging/Metrics\nopenshift_storage_glusterfs_block_deploy=false\n\n## Second CNS storage cluster for OpenShift infrastructure\n# Namespace for CNS pods (will be created)\nopenshift_storage_glusterfs_registry_namespace=infra-storage\n# No StorageClass; this cluster should not need to provide dynamic provisioning\nopenshift_storage_glusterfs_registry_storageclass=true\nopenshift_storage_glusterfs_registry_block_deploy=true\n# Size of automatically created block-hosting volumes,\n# must be at least the size of your largest desired block volume\nopenshift_storage_glusterfs_registry_block_host_vol_size=20\n# Create StorageClass, used by Logging and Metrics\nopenshift_storage_glusterfs_registry_block_storageclass=true\n# StorageClass needs to be cluster default for Logging/Metrics provisioning\nopenshift_storage_glusterfs_registry_block_storageclass_default=false\n\nopenshift_storage_glusterfs_storageclass_default=true\nopenshift_metrics_cassanda_pvc_storage_class_name=glusterfs-registry-block\nopenshift_logging_es_pvc_storage_class_name=glusterfs-registry-block\n\n# project pods should be placed on primary nodes\nosm_default_node_selector='region=primary'\n\nosm_project_request_template='default/project-request'\n\n[masters]\n${master1_hostname}\n${master2_hostname}\n${master3_hostname}\n\n[etcd]\n${master1_hostname}\n${master2_hostname}\n${master3_hostname}\n\n[glusterfs_registry]\n${infra1_hostname} glusterfs_devices='[ \"/dev/xvdc\" ]' glusterfs_ip=${infra1_ip} glusterfs_zone=1\n${infra2_hostname} glusterfs_devices='[ \"/dev/xvdc\" ]' glusterfs_ip=${infra2_ip} glusterfs_zone=2\n${infra3_hostname} glusterfs_devices='[ \"/dev/xvdc\" ]' glusterfs_ip=${infra3_ip} glusterfs_zone=3\n\n[glusterfs]\n${worker1_hostname} glusterfs_devices='[ \"/dev/xvdc\" ]' glusterfs_ip=${worker1_ip} glusterfs_zone=1\n${worker2_hostname} glusterfs_devices='[ \"/dev/xvdc\" ]' glusterfs_ip=${worker2_ip} glusterfs_zone=2\n${worker3_hostname} glusterfs_devices='[ \"/dev/xvdc\" ]' glusterfs_ip=${worker3_ip} glusterfs_zone=3\n\n[nodes]\n${master1_hostname} openshift_hostname=${master1_hostname} openshift_public_hostname=${admin_hostname} openshift_node_labels=\"{'region': 'infra', 'zone': 'zone-1', 'role': 'master'}\"\n${master2_hostname} openshift_hostname=${master2_hostname} openshift_public_hostname=${admin_hostname} openshift_node_labels=\"{'region': 'infra', 'zone': 'zone-1', 'role': 'master'}\"\n${master3_hostname} openshift_hostname=${master3_hostname} openshift_public_hostname=${admin_hostname} openshift_node_labels=\"{'region': 'infra', 'zone': 'zone-1', 'role': 'master'}\"\n${infra1_hostname} openshift_hostname=${infra1_hostname} openshift_node_labels=\"{'region': 'infra', 'zone': 'zone-1', 'role': 'infra', 'registry': 'default'}\"\n${infra2_hostname} openshift_hostname=${infra2_hostname} openshift_node_labels=\"{'region': 'infra', 'zone': 'zone-1', 'role': 'infra', 'registry': 'default'}\"\n${infra3_hostname} openshift_hostname=${infra3_hostname} openshift_node_labels=\"{'region': 'infra', 'zone': 'zone-1', 'role': 'infra', 'registry': 'default'}\"\n${worker1_hostname} openshift_hostname=${worker1_hostname} openshift_schedulable=true openshift_node_labels=\"{'region': 'infra', 'zone': 'zone-1', 'role': 'worker'}\"\n${worker2_hostname} openshift_hostname=${worker2_hostname} openshift_schedulable=true openshift_node_labels=\"{'region': 'infra', 'zone': 'zone-1', 'role': 'worker'}\"\n${worker3_hostname} openshift_hostname=${worker3_hostname} openshift_schedulable=true openshift_node_labels=\"{'region': 'infra', 'zone': 'zone-1', 'role': 'worker'}\"\n",
                            "vars.%": "22",
                            "vars.admin_hostname": "master-c7c1437953a7d6a4.elb.us-east-2.amazonaws.com",
                            "vars.infra1_hostname": "ip-10-0-1-187.us-east-2.compute.internal",
                            "vars.infra1_ip": "10.0.1.187",
                            "vars.infra2_hostname": "ip-10-0-5-47.us-east-2.compute.internal",
                            "vars.infra2_ip": "10.0.5.47",
                            "vars.infra3_hostname": "ip-10-0-9-115.us-east-2.compute.internal",
                            "vars.infra3_ip": "10.0.9.115",
                            "vars.master1_hostname": "ip-10-0-1-73.us-east-2.compute.internal",
                            "vars.master1_ip": "10.0.1.73",
                            "vars.master2_hostname": "ip-10-0-5-244.us-east-2.compute.internal",
                            "vars.master2_ip": "10.0.5.244",
                            "vars.master3_hostname": "ip-10-0-9-253.us-east-2.compute.internal",
                            "vars.master3_ip": "10.0.9.253",
                            "vars.openshift_master_cluster_hostname": "master-c7c1437953a7d6a4.elb.us-east-2.amazonaws.com",
                            "vars.openshift_master_cluster_public_hostname": "master-c7c1437953a7d6a4.elb.us-east-2.amazonaws.com",
                            "vars.public_subdomain": "infra-742704392.us-east-2.elb.amazonaws.com",
                            "vars.worker1_hostname": "ip-10-0-1-252.us-east-2.compute.internal",
                            "vars.worker1_ip": "10.0.1.252",
                            "vars.worker2_hostname": "ip-10-0-5-31.us-east-2.compute.internal",
                            "vars.worker2_ip": "10.0.5.31",
                            "vars.worker3_hostname": "ip-10-0-9-103.us-east-2.compute.internal",
                            "vars.worker3_ip": "10.0.9.103"
                        },
                        "meta": {},
                        "tainted": false
                    },
                    "deposed": [],
                    "provider": "provider.template"
                },
                "data.template_file.sysprep-bastion": {
                    "type": "template_file",
                    "depends_on": [],
                    "primary": {
                        "id": "807d47ee8fb30688eb989cb31c0e791604b6d538e213fe43616827ed482620b2",
                        "attributes": {
                            "id": "807d47ee8fb30688eb989cb31c0e791604b6d538e213fe43616827ed482620b2",
                            "rendered": "#!/usr/bin/env bash\nsudo subscription-manager register --username rhelbkm --password Marmara1 --auto-attach\n\nsudo yum-config-manager --disable \\*\nsleep 15\nsudo subscription-manager refresh\nsudo subscription-manager repos --enable=\"rhel-7-server-rpms\" --enable=\"rhel-7-server-extras-rpms\" --enable=\"rhel-7-server-ose-3.9-rpms\" --enable=\"rhel-7-fast-datapath-rpms\" --enable=\"rhel-7-server-ansible-2.4-rpms\"\nsleep 15\nsudo subscription-manager refresh\nsleep 15\nsudo yum install -y  python2-pip openssl-devel python-devel gcc libffi-devel\nsleep 15\nsudo yum install -y wget git net-tools bind-utils yum-utils iptables-services bridge-utils bash-completion kexec-tools sos psacct\nsleep 15\nsudo yum update -y\nsleep 15\nsudo yum install -y ansible\nsleep 15\nsudo yum install -y openshift-ansible\nsleep 15\nsudo reboot",
                            "template": "#!/usr/bin/env bash\nsudo subscription-manager register --username rhelbkm --password Marmara1 --auto-attach\n\nsudo yum-config-manager --disable \\*\nsleep 15\nsudo subscription-manager refresh\nsudo subscription-manager repos --enable=\"rhel-7-server-rpms\" --enable=\"rhel-7-server-extras-rpms\" --enable=\"rhel-7-server-ose-3.9-rpms\" --enable=\"rhel-7-fast-datapath-rpms\" --enable=\"rhel-7-server-ansible-2.4-rpms\"\nsleep 15\nsudo subscription-manager refresh\nsleep 15\nsudo yum install -y  python2-pip openssl-devel python-devel gcc libffi-devel\nsleep 15\nsudo yum install -y wget git net-tools bind-utils yum-utils iptables-services bridge-utils bash-completion kexec-tools sos psacct\nsleep 15\nsudo yum update -y\nsleep 15\nsudo yum install -y ansible\nsleep 15\nsudo yum install -y openshift-ansible\nsleep 15\nsudo reboot"
                        },
                        "meta": {},
                        "tainted": false
                    },
                    "deposed": [],
                    "provider": "provider.template"
                },
                "data.template_file.sysprep-openshift": {
                    "type": "template_file",
                    "depends_on": [],
                    "primary": {
                        "id": "14289748756559627179e2d757506b14a5b9527e2e69813204b198d4859cc4f4",
                        "attributes": {
                            "id": "14289748756559627179e2d757506b14a5b9527e2e69813204b198d4859cc4f4",
                            "rendered": "#!/usr/bin/env bash\nsudo subscription-manager register --username rhelbkm --password Marmara1 --auto-attach --force\nsleep 15\nsudo yum-config-manager --disable \\*\nsleep 15\nsudo subscription-manager repos --enable=\"rhel-7-server-rpms\" --enable=\"rhel-7-server-extras-rpms\" --enable=\"rhel-7-server-ose-3.9-rpms\" --enable=\"rhel-7-fast-datapath-rpms\" --enable=\"rhel-7-server-ansible-2.4-rpms\"\nsleep 15\nsudo subscription-manager refresh\nsleep 15\nsudo yum install -y wget git net-tools bind-utils yum-utils iptables-services bridge-utils bash-completion kexec-tools sos psacct\nsleep 15\nsudo yum update -y\nsleep 15\nsudo yum install -y docker NetworkManager\nsleep 15\nsudo bash -c 'cat \u003c\u003cEOF \u003e /etc/sysconfig/docker-storage-setup\nDEVS=/dev/xvdb\nVG=docker-vg\nEOF'\nsleep 15\nsudo docker-storage-setup\nsleep 15\nsudo echo \"ssh-rsa AAAAB3NzaC1yc2EAAAADAQABAAABAQDhs1Yh0+pjqo8P1cnXsRdRV+y0s2+7jc0xKFGOavOe7pBMf7AdvM/EW0PVLzjzU/Ua261z9+LRyWhzWbGsPPrdOg8eQWb25ghyMSnLYmYPASsCtfuLgHaR4BbnPUlqd4MH/YEJDsPMxyzmTa9enqb+QgxOSPTFCCnVeWIzjFfOAFI08eKf0itTnhV/CNvgFQTs2s/MVkZlR1mqvUobXJPmMMp1+n2pSMIVcPI507IH7XKzqfLioIxDLa22YrKxVLA/UzoofI01KJyGfl846uReJVskupRa2/e4sCjl3lo7BulbqdYISi4NIqCIWLNUEibFgA/oD1t3f0CbR6KIRlzh openshift\" \u003e /root/.ssh/authorized_keys\nsleep 5\nsudo systemctl stop docker\nsleep 15\nsudo systemctl enable docker\nsleep 15\nsudo rm -rf /var/lib/docker/*\nsleep 15\nsudo systemctl restart docker\nsleep 15\nsudo reboot\n",
                            "template": "#!/usr/bin/env bash\nsudo subscription-manager register --username rhelbkm --password Marmara1 --auto-attach --force\nsleep 15\nsudo yum-config-manager --disable \\*\nsleep 15\nsudo subscription-manager repos --enable=\"rhel-7-server-rpms\" --enable=\"rhel-7-server-extras-rpms\" --enable=\"rhel-7-server-ose-3.9-rpms\" --enable=\"rhel-7-fast-datapath-rpms\" --enable=\"rhel-7-server-ansible-2.4-rpms\"\nsleep 15\nsudo subscription-manager refresh\nsleep 15\nsudo yum install -y wget git net-tools bind-utils yum-utils iptables-services bridge-utils bash-completion kexec-tools sos psacct\nsleep 15\nsudo yum update -y\nsleep 15\nsudo yum install -y docker NetworkManager\nsleep 15\nsudo bash -c 'cat \u003c\u003cEOF \u003e /etc/sysconfig/docker-storage-setup\nDEVS=/dev/xvdb\nVG=docker-vg\nEOF'\nsleep 15\nsudo docker-storage-setup\nsleep 15\nsudo echo \"ssh-rsa AAAAB3NzaC1yc2EAAAADAQABAAABAQDhs1Yh0+pjqo8P1cnXsRdRV+y0s2+7jc0xKFGOavOe7pBMf7AdvM/EW0PVLzjzU/Ua261z9+LRyWhzWbGsPPrdOg8eQWb25ghyMSnLYmYPASsCtfuLgHaR4BbnPUlqd4MH/YEJDsPMxyzmTa9enqb+QgxOSPTFCCnVeWIzjFfOAFI08eKf0itTnhV/CNvgFQTs2s/MVkZlR1mqvUobXJPmMMp1+n2pSMIVcPI507IH7XKzqfLioIxDLa22YrKxVLA/UzoofI01KJyGfl846uReJVskupRa2/e4sCjl3lo7BulbqdYISi4NIqCIWLNUEibFgA/oD1t3f0CbR6KIRlzh openshift\" \u003e /root/.ssh/authorized_keys\nsleep 5\nsudo systemctl stop docker\nsleep 15\nsudo systemctl enable docker\nsleep 15\nsudo rm -rf /var/lib/docker/*\nsleep 15\nsudo systemctl restart docker\nsleep 15\nsudo reboot\n"
                        },
                        "meta": {},
                        "tainted": false
                    },
                    "deposed": [],
                    "provider": "provider.template"
                },
                "local_file.inventory": {
                    "type": "local_file",
                    "depends_on": [
                        "data.template_file.inventory"
                    ],
                    "primary": {
                        "id": "170dc2777097248c17bd9bc745b6baef08991070",
                        "attributes": {
                            "content": "\n[OSEv3:children]\nmasters\netcd\nnodes\nglusterfs\nglusterfs_registry\n\n[OSEv3:vars]\nansible_ssh_user=root\nansible_become=true\nopenshift_install_examples=true\nopenshift_deployment_type=openshift-enterprise\nopenshift_clock_enabled=true\nopenshift_disable_check=memory_availability,disk_availability,docker_image_availability,docker_storage\nopenshift_rolling_restart_mode=services\n\n\nopenshift_release=v3.11\n\nopenshift_check_min_host_memory_gb=8\nopenshift_disable_check=docker_image_availability,docker_storage,disk_availability\n\nopenshift_master_cluster_method=native\nopenshift_master_cluster_hostname=master-c7c1437953a7d6a4.elb.us-east-2.amazonaws.com\nopenshift_master_cluster_public_hostname=master-c7c1437953a7d6a4.elb.us-east-2.amazonaws.com\n\nopenshift_master_default_subdomain=infra-742704392.us-east-2.elb.amazonaws.com\nos_sdn_network_plugin_name='redhat/openshift-ovs-multitenant'\n\ncontainerized=true\n\nopenshift_metrics_start_cluster=true\nopenshift_metrics_install_metrics=false\n#openshift_metrics_hawkular_hostname=hawkular-metrics.infra-742704392.us-east-2.elb.amazonaws.com\nopenshift_metrics_cassandra_replicas=3\nopenshift_metrics_cassandra_pvc_size=20Gi\nopenshift_metrics_storage_kind=dynamic\nopenshift_metrics_cassandra_nodeselector={\"role\": \"infra\"}\nopenshift_metrics_hawkular_nodeselector={\"role\": \"infra\"}\nopenshift_metrics_heapster_nodeselector={\"role\": \"infra\"}\n\nopenshift_logging_install_logging=false\n#openshift_master_logging_public_url=https://kibana.infra-742704392.us-east-2.elb.amazonaws.com\nopenshift_logging_kibana_hostname=kibana.infra-742704392.us-east-2.elb.amazonaws.com\nopenshift_logging_curator_default_days=7\nopenshift_logging_curator_nodeselector={\"role\": \"infra\"}\nopenshift_logging_kibana_nodeselector={\"role\": \"infra\"}\nopenshift_logging_es_nodeselector={\"role\": \"infra\"}\nopenshift_logging_es_cluster_size=3\nopenshift_logging_es_pvc_size=15Gi\nopenshift_logging_es_pvc_dynamic=true\n\n# use htpasswd authentication with demo/demo\nopenshift_master_identity_providers=[{'name': 'htpasswd_auth', 'login': 'true', 'challenge': 'true', 'kind': 'HTPasswdPasswordIdentityProvider', 'filename': '/etc/origin/master/htpasswd'}]\nopenshift_master_htpasswd_users={'demo': '$apr1$.MaA77kd$Rlnn6RXq9kCjnEfh5I3w/.'}\n\n# put the router on dedicated infra node\nopenshift_hosted_router_selector='region=infra'\n# put the image registry on dedicated infra node\nopenshift_hosted_registry_selector='region=infra,role=infra,registry=default'\n\nopenshift_hosted_registry_storage_kind=glusterfs\nopenshift_hosted_registry_storage_volume_size=20Gi\n\nopenshift_hosted_etcd_storage_kind=glusterfs\nopenshift_hosted_etcd_storage_volume_size=1G\n\nopenshift_hosted_prometheus_deploy=false\nopenshift_prometheus_namespace=openshift-metrics\nopenshift_prometheus_node_selector={\"role\":\"infra\"}\n\ndynamic_volumes_check=False\n\n## First CNS storage cluster for applications\n# Namespace for CNS pods (will be created)\nopenshift_storage_glusterfs_namespace=app-storage\n# Automatically create a StorageClass referencing this CNS cluster\nopenshift_storage_glusterfs_storageclass=true\n# glusterblock functionality is not supported outside of Logging/Metrics\nopenshift_storage_glusterfs_block_deploy=false\n\n## Second CNS storage cluster for OpenShift infrastructure\n# Namespace for CNS pods (will be created)\nopenshift_storage_glusterfs_registry_namespace=infra-storage\n# No StorageClass; this cluster should not need to provide dynamic provisioning\nopenshift_storage_glusterfs_registry_storageclass=true\nopenshift_storage_glusterfs_registry_block_deploy=true\n# Size of automatically created block-hosting volumes,\n# must be at least the size of your largest desired block volume\nopenshift_storage_glusterfs_registry_block_host_vol_size=20\n# Create StorageClass, used by Logging and Metrics\nopenshift_storage_glusterfs_registry_block_storageclass=true\n# StorageClass needs to be cluster default for Logging/Metrics provisioning\nopenshift_storage_glusterfs_registry_block_storageclass_default=false\n\nopenshift_storage_glusterfs_storageclass_default=true\nopenshift_metrics_cassanda_pvc_storage_class_name=glusterfs-registry-block\nopenshift_logging_es_pvc_storage_class_name=glusterfs-registry-block\n\n# project pods should be placed on primary nodes\nosm_default_node_selector='region=primary'\n\nosm_project_request_template='default/project-request'\n\n[masters]\nip-10-0-1-73.us-east-2.compute.internal\nip-10-0-5-244.us-east-2.compute.internal\nip-10-0-9-253.us-east-2.compute.internal\n\n[etcd]\nip-10-0-1-73.us-east-2.compute.internal\nip-10-0-5-244.us-east-2.compute.internal\nip-10-0-9-253.us-east-2.compute.internal\n\n[glusterfs_registry]\nip-10-0-1-187.us-east-2.compute.internal glusterfs_devices='[ \"/dev/xvdc\" ]' glusterfs_ip=10.0.1.187 glusterfs_zone=1\nip-10-0-5-47.us-east-2.compute.internal glusterfs_devices='[ \"/dev/xvdc\" ]' glusterfs_ip=10.0.5.47 glusterfs_zone=2\nip-10-0-9-115.us-east-2.compute.internal glusterfs_devices='[ \"/dev/xvdc\" ]' glusterfs_ip=10.0.9.115 glusterfs_zone=3\n\n[glusterfs]\nip-10-0-1-252.us-east-2.compute.internal glusterfs_devices='[ \"/dev/xvdc\" ]' glusterfs_ip=10.0.1.252 glusterfs_zone=1\nip-10-0-5-31.us-east-2.compute.internal glusterfs_devices='[ \"/dev/xvdc\" ]' glusterfs_ip=10.0.5.31 glusterfs_zone=2\nip-10-0-9-103.us-east-2.compute.internal glusterfs_devices='[ \"/dev/xvdc\" ]' glusterfs_ip=10.0.9.103 glusterfs_zone=3\n\n[nodes]\nip-10-0-1-73.us-east-2.compute.internal openshift_hostname=ip-10-0-1-73.us-east-2.compute.internal openshift_public_hostname=master-c7c1437953a7d6a4.elb.us-east-2.amazonaws.com openshift_node_labels=\"{'region': 'infra', 'zone': 'zone-1', 'role': 'master'}\"\nip-10-0-5-244.us-east-2.compute.internal openshift_hostname=ip-10-0-5-244.us-east-2.compute.internal openshift_public_hostname=master-c7c1437953a7d6a4.elb.us-east-2.amazonaws.com openshift_node_labels=\"{'region': 'infra', 'zone': 'zone-1', 'role': 'master'}\"\nip-10-0-9-253.us-east-2.compute.internal openshift_hostname=ip-10-0-9-253.us-east-2.compute.internal openshift_public_hostname=master-c7c1437953a7d6a4.elb.us-east-2.amazonaws.com openshift_node_labels=\"{'region': 'infra', 'zone': 'zone-1', 'role': 'master'}\"\nip-10-0-1-187.us-east-2.compute.internal openshift_hostname=ip-10-0-1-187.us-east-2.compute.internal openshift_node_labels=\"{'region': 'infra', 'zone': 'zone-1', 'role': 'infra', 'registry': 'default'}\"\nip-10-0-5-47.us-east-2.compute.internal openshift_hostname=ip-10-0-5-47.us-east-2.compute.internal openshift_node_labels=\"{'region': 'infra', 'zone': 'zone-1', 'role': 'infra', 'registry': 'default'}\"\nip-10-0-9-115.us-east-2.compute.internal openshift_hostname=ip-10-0-9-115.us-east-2.compute.internal openshift_node_labels=\"{'region': 'infra', 'zone': 'zone-1', 'role': 'infra', 'registry': 'default'}\"\nip-10-0-1-252.us-east-2.compute.internal openshift_hostname=ip-10-0-1-252.us-east-2.compute.internal openshift_schedulable=true openshift_node_labels=\"{'region': 'infra', 'zone': 'zone-1', 'role': 'worker'}\"\nip-10-0-5-31.us-east-2.compute.internal openshift_hostname=ip-10-0-5-31.us-east-2.compute.internal openshift_schedulable=true openshift_node_labels=\"{'region': 'infra', 'zone': 'zone-1', 'role': 'worker'}\"\nip-10-0-9-103.us-east-2.compute.internal openshift_hostname=ip-10-0-9-103.us-east-2.compute.internal openshift_schedulable=true openshift_node_labels=\"{'region': 'infra', 'zone': 'zone-1', 'role': 'worker'}\"\n",
                            "filename": "/home/emre/Downloads/openshift-terraform/inventory/ansible-hosts",
                            "id": "170dc2777097248c17bd9bc745b6baef08991070"
                        },
                        "meta": {},
                        "tainted": false
                    },
                    "deposed": [],
                    "provider": "provider.local"
                }
            },
            "depends_on": []
        }
    ]
}
